// !$*UTF8*$!
{
	archiveVersion = 1;
	classes = {
	};
	objectVersion = 77;
	objects = {

/* Begin PBXBuildFile section */
		7205C1EB2D796DFD001D4979 /* LockScreen3Widget.swift in Sources */ = {isa = PBXBuildFile; fileRef = 7205C1EA2D796DFD001D4979 /* LockScreen3Widget.swift */; };
		7205C1ED2D796E0F001D4979 /* LockScreen4Widget.swift in Sources */ = {isa = PBXBuildFile; fileRef = 7205C1EC2D796E0F001D4979 /* LockScreen4Widget.swift */; };
		720CCE0E2E394375002DD82E /* QuranView.swift in Sources */ = {isa = PBXBuildFile; fileRef = 720CCE052E394375002DD82E /* QuranView.swift */; };
		720CCE0F2E394375002DD82E /* AyahRow.swift in Sources */ = {isa = PBXBuildFile; fileRef = 720CCE082E394375002DD82E /* AyahRow.swift */; };
		720CCE102E394375002DD82E /* AyahsView.swift in Sources */ = {isa = PBXBuildFile; fileRef = 720CCE092E394375002DD82E /* AyahsView.swift */; };
		720CCE112E394375002DD82E /* QuranPlayer.swift in Sources */ = {isa = PBXBuildFile; fileRef = 720CCE0A2E394375002DD82E /* QuranPlayer.swift */; };
		720CCE122E394375002DD82E /* SurahsHeader.swift in Sources */ = {isa = PBXBuildFile; fileRef = 720CCE072E394375002DD82E /* SurahsHeader.swift */; };
		720CCE132E394375002DD82E /* SurahRows.swift in Sources */ = {isa = PBXBuildFile; fileRef = 720CCE062E394375002DD82E /* SurahRows.swift */; };
		720CCE142E394375002DD82E /* QuranData.swift in Sources */ = {isa = PBXBuildFile; fileRef = 720CCE042E394375002DD82E /* QuranData.swift */; };
		720CCE152E394375002DD82E /* NowPlayingView.swift in Sources */ = {isa = PBXBuildFile; fileRef = 720CCE0B2E394375002DD82E /* NowPlayingView.swift */; };
		720CCE162E394375002DD82E /* ShareAyah.swift in Sources */ = {isa = PBXBuildFile; fileRef = 720CCE0C2E394375002DD82E /* ShareAyah.swift */; };
		720CCE172E394375002DD82E /* Highlighted.swift in Sources */ = {isa = PBXBuildFile; fileRef = 720CCE0D2E394375002DD82E /* Highlighted.swift */; };
		720CCE182E394375002DD82E /* QuranView.swift in Sources */ = {isa = PBXBuildFile; fileRef = 720CCE052E394375002DD82E /* QuranView.swift */; };
		720CCE192E394375002DD82E /* AyahRow.swift in Sources */ = {isa = PBXBuildFile; fileRef = 720CCE082E394375002DD82E /* AyahRow.swift */; };
		720CCE1A2E394375002DD82E /* AyahsView.swift in Sources */ = {isa = PBXBuildFile; fileRef = 720CCE092E394375002DD82E /* AyahsView.swift */; };
		720CCE1B2E394375002DD82E /* QuranPlayer.swift in Sources */ = {isa = PBXBuildFile; fileRef = 720CCE0A2E394375002DD82E /* QuranPlayer.swift */; };
		720CCE1C2E394375002DD82E /* SurahsHeader.swift in Sources */ = {isa = PBXBuildFile; fileRef = 720CCE072E394375002DD82E /* SurahsHeader.swift */; };
		720CCE1D2E394375002DD82E /* SurahRows.swift in Sources */ = {isa = PBXBuildFile; fileRef = 720CCE062E394375002DD82E /* SurahRows.swift */; };
		720CCE1E2E394375002DD82E /* QuranData.swift in Sources */ = {isa = PBXBuildFile; fileRef = 720CCE042E394375002DD82E /* QuranData.swift */; };
		720CCE212E394375002DD82E /* Highlighted.swift in Sources */ = {isa = PBXBuildFile; fileRef = 720CCE0D2E394375002DD82E /* Highlighted.swift */; };
		720CCE232E39439E002DD82E /* Globals.swift in Sources */ = {isa = PBXBuildFile; fileRef = 720CCE222E39439E002DD82E /* Globals.swift */; };
		720CCE242E39439E002DD82E /* Globals.swift in Sources */ = {isa = PBXBuildFile; fileRef = 720CCE222E39439E002DD82E /* Globals.swift */; };
		720CCE262E39439E002DD82E /* Globals.swift in Sources */ = {isa = PBXBuildFile; fileRef = 720CCE222E39439E002DD82E /* Globals.swift */; };
		720CCE272E39439E002DD82E /* Globals.swift in Sources */ = {isa = PBXBuildFile; fileRef = 720CCE222E39439E002DD82E /* Globals.swift */; };
		720CCE2B2E394437002DD82E /* ArabicLetterView.swift in Sources */ = {isa = PBXBuildFile; fileRef = 720CCE2A2E394437002DD82E /* ArabicLetterView.swift */; };
		720CCE2C2E394437002DD82E /* Arabic.swift in Sources */ = {isa = PBXBuildFile; fileRef = 720CCE282E394437002DD82E /* Arabic.swift */; };
		720CCE2D2E394437002DD82E /* ArabicView.swift in Sources */ = {isa = PBXBuildFile; fileRef = 720CCE292E394437002DD82E /* ArabicView.swift */; };
		720CCE2E2E394437002DD82E /* ArabicLetterView.swift in Sources */ = {isa = PBXBuildFile; fileRef = 720CCE2A2E394437002DD82E /* ArabicLetterView.swift */; };
		720CCE2F2E394437002DD82E /* Arabic.swift in Sources */ = {isa = PBXBuildFile; fileRef = 720CCE282E394437002DD82E /* Arabic.swift */; };
		720CCE302E394437002DD82E /* ArabicView.swift in Sources */ = {isa = PBXBuildFile; fileRef = 720CCE292E394437002DD82E /* ArabicView.swift */; };
		720CCE312E3944F9002DD82E /* QuranData.swift in Sources */ = {isa = PBXBuildFile; fileRef = 720CCE042E394375002DD82E /* QuranData.swift */; };
		720CCE322E3944F9002DD82E /* QuranData.swift in Sources */ = {isa = PBXBuildFile; fileRef = 720CCE042E394375002DD82E /* QuranData.swift */; };
		720CCE342E394547002DD82E /* Arabic.swift in Sources */ = {isa = PBXBuildFile; fileRef = 720CCE282E394437002DD82E /* Arabic.swift */; };
		720CCE352E394547002DD82E /* Arabic.swift in Sources */ = {isa = PBXBuildFile; fileRef = 720CCE282E394437002DD82E /* Arabic.swift */; };
		720DEC5B2D244EEF006EA342 /* CreditsView.swift in Sources */ = {isa = PBXBuildFile; fileRef = 720DEC5A2D244EEF006EA342 /* CreditsView.swift */; };
		72109F312A65D77400BD373E /* Complication.swift in Sources */ = {isa = PBXBuildFile; fileRef = 72109F302A65D77400BD373E /* Complication.swift */; };
		721722EE2E6BA09E002F584F /* Quran.json in Resources */ = {isa = PBXBuildFile; fileRef = 721722ED2E6BA09E002F584F /* Quran.json */; };
		721722EF2E6BA09E002F584F /* Quran.json in Resources */ = {isa = PBXBuildFile; fileRef = 721722ED2E6BA09E002F584F /* Quran.json */; };
		722BBD362F0992D4004F3659 /* AdhanSheet.swift in Sources */ = {isa = PBXBuildFile; fileRef = 722BBD352F0992D4004F3659 /* AdhanSheet.swift */; };
		723873442F37342E00D3A8CD /* PlayCustomRangeSheet.swift in Sources */ = {isa = PBXBuildFile; fileRef = 723873432F37342E00D3A8CD /* PlayCustomRangeSheet.swift */; };
		723873662F374BDB00D3A8CD /* QiraahShubah.json in Resources */ = {isa = PBXBuildFile; fileRef = 723873602F374BDB00D3A8CD /* QiraahShubah.json */; };
		7238736D2F374BDB00D3A8CD /* QiraahShubah.json in Resources */ = {isa = PBXBuildFile; fileRef = 723873602F374BDB00D3A8CD /* QiraahShubah.json */; };
		723873992F397BF300D3A8CD /* Uthmani.ttf in Resources */ = {isa = PBXBuildFile; fileRef = 723873982F397BF300D3A8CD /* Uthmani.ttf */; };
		7238739A2F397BF300D3A8CD /* Uthmani.ttf in Resources */ = {isa = PBXBuildFile; fileRef = 723873982F397BF300D3A8CD /* Uthmani.ttf */; };
		723B9E022F3B138C0042DCDE /* QiraahBuzzi.json in Resources */ = {isa = PBXBuildFile; fileRef = 723B9E012F3B138C0042DCDE /* QiraahBuzzi.json */; };
		723B9E032F3B138C0042DCDE /* QiraahBuzzi.json in Resources */ = {isa = PBXBuildFile; fileRef = 723B9E012F3B138C0042DCDE /* QiraahBuzzi.json */; };
		723B9E052F3B13B40042DCDE /* QiraahQunbul.json in Resources */ = {isa = PBXBuildFile; fileRef = 723B9E042F3B13B30042DCDE /* QiraahQunbul.json */; };
		723B9E062F3B13B40042DCDE /* QiraahQunbul.json in Resources */ = {isa = PBXBuildFile; fileRef = 723B9E042F3B13B30042DCDE /* QiraahQunbul.json */; };
		723B9E082F3B13EF0042DCDE /* QiraahDuri.json in Resources */ = {isa = PBXBuildFile; fileRef = 723B9E072F3B13EF0042DCDE /* QiraahDuri.json */; };
		723B9E092F3B13EF0042DCDE /* QiraahDuri.json in Resources */ = {isa = PBXBuildFile; fileRef = 723B9E072F3B13EF0042DCDE /* QiraahDuri.json */; };
		723B9E0B2F3B141E0042DCDE /* QiraahSusi.json in Resources */ = {isa = PBXBuildFile; fileRef = 723B9E0A2F3B141E0042DCDE /* QiraahSusi.json */; };
		723B9E0C2F3B141E0042DCDE /* QiraahSusi.json in Resources */ = {isa = PBXBuildFile; fileRef = 723B9E0A2F3B141E0042DCDE /* QiraahSusi.json */; };
		723DA4592D59FC6400AC20B3 /* Widget.appex in Embed Foundation Extensions */ = {isa = PBXBuildFile; fileRef = 723DA4582D59FC5A00AC20B3 /* Widget.appex */; settings = {ATTRIBUTES = (RemoveHeadersOnCopy, ); }; };
		723DA45A2D59FC6900AC20B3 /* Watch.app in Embed Watch Content */ = {isa = PBXBuildFile; fileRef = 723DA4562D59FC5A00AC20B3 /* Watch.app */; settings = {ATTRIBUTES = (RemoveHeadersOnCopy, ); }; };
		723DA45B2D59FC7000AC20B3 /* Complication.appex in Embed Foundation Extensions */ = {isa = PBXBuildFile; fileRef = 723DA4572D59FC5A00AC20B3 /* Complication.appex */; settings = {ATTRIBUTES = (RemoveHeadersOnCopy, ); }; };
		724012E32F0AAFDB00851820 /* IslamBasicsView.swift in Sources */ = {isa = PBXBuildFile; fileRef = 724012E22F0AAFDB00851820 /* IslamBasicsView.swift */; };
		724012E42F0AAFDB00851820 /* IslamBasicsView.swift in Sources */ = {isa = PBXBuildFile; fileRef = 724012E22F0AAFDB00851820 /* IslamBasicsView.swift */; };
		7247DBA62CD4DD78000803F2 /* Indopak.ttf in Resources */ = {isa = PBXBuildFile; fileRef = 7247DBA52CD4DD78000803F2 /* Indopak.ttf */; };
		7247DBA72CD4DD78000803F2 /* Indopak.ttf in Resources */ = {isa = PBXBuildFile; fileRef = 7247DBA52CD4DD78000803F2 /* Indopak.ttf */; };
		72574CB52E49E3F000BFF138 /* QuranShortcuts.swift in Sources */ = {isa = PBXBuildFile; fileRef = 72574CB22E49E3F000BFF138 /* QuranShortcuts.swift */; };
		72574CB62E49E3F000BFF138 /* QuranShortcuts.swift in Sources */ = {isa = PBXBuildFile; fileRef = 72574CB22E49E3F000BFF138 /* QuranShortcuts.swift */; };
		72574CC62E49EDDE00BFF138 /* AdhanShortcuts.swift in Sources */ = {isa = PBXBuildFile; fileRef = 72574CC52E49EDDE00BFF138 /* AdhanShortcuts.swift */; };
		72574CC72E49EDDE00BFF138 /* AdhanShortcuts.swift in Sources */ = {isa = PBXBuildFile; fileRef = 72574CC52E49EDDE00BFF138 /* AdhanShortcuts.swift */; };
		72574CC92E49EE7F00BFF138 /* AppIntents.swift in Sources */ = {isa = PBXBuildFile; fileRef = 72574CC82E49EE7F00BFF138 /* AppIntents.swift */; };
		72574CCA2E49EE7F00BFF138 /* AppIntents.swift in Sources */ = {isa = PBXBuildFile; fileRef = 72574CC82E49EE7F00BFF138 /* AppIntents.swift */; };
		725B42262AA00660009C8C91 /* LockScreen2Widget.swift in Sources */ = {isa = PBXBuildFile; fileRef = 725B42142AA00639009C8C91 /* LockScreen2Widget.swift */; };
		725B42282AA00660009C8C91 /* Widgets.swift in Sources */ = {isa = PBXBuildFile; fileRef = 725B42132AA00639009C8C91 /* Widgets.swift */; };
		725B42292AA00660009C8C91 /* PrayersWidget.swift in Sources */ = {isa = PBXBuildFile; fileRef = 725B42112AA00639009C8C91 /* PrayersWidget.swift */; };
		725B422A2AA00660009C8C91 /* CountdownWidget.swift in Sources */ = {isa = PBXBuildFile; fileRef = 725B42162AA00639009C8C91 /* CountdownWidget.swift */; };
		725B422B2AA00660009C8C91 /* LockScreen1Widget.swift in Sources */ = {isa = PBXBuildFile; fileRef = 725B42152AA00639009C8C91 /* LockScreen1Widget.swift */; };
		725B422C2AA00660009C8C91 /* PrayersProvider.swift in Sources */ = {isa = PBXBuildFile; fileRef = 725B42172AA00639009C8C91 /* PrayersProvider.swift */; };
		725B422E2AA0066D009C8C91 /* Settings.swift in Sources */ = {isa = PBXBuildFile; fileRef = 7260F9162A8715D600E8FF87 /* Settings.swift */; };
		725B42312AA006A6009C8C91 /* PrayersProvider.swift in Sources */ = {isa = PBXBuildFile; fileRef = 725B42172AA00639009C8C91 /* PrayersProvider.swift */; };
		7260F93C2A8715D600E8FF87 /* SettingsView.swift in Sources */ = {isa = PBXBuildFile; fileRef = 7260F9152A8715D600E8FF87 /* SettingsView.swift */; };
		7260F93D2A8715D600E8FF87 /* Settings.swift in Sources */ = {isa = PBXBuildFile; fileRef = 7260F9162A8715D600E8FF87 /* Settings.swift */; };
		7260F93F2A8715D600E8FF87 /* AdhanView.swift in Sources */ = {isa = PBXBuildFile; fileRef = 7260F91A2A8715D600E8FF87 /* AdhanView.swift */; };
		7260F9402A8715D600E8FF87 /* QiblaView.swift in Sources */ = {isa = PBXBuildFile; fileRef = 7260F91B2A8715D600E8FF87 /* QiblaView.swift */; };
		7260F9412A8715D600E8FF87 /* PrayerCountdown.swift in Sources */ = {isa = PBXBuildFile; fileRef = 7260F91C2A8715D600E8FF87 /* PrayerCountdown.swift */; };
		7260F9422A8715D600E8FF87 /* PrayerList.swift in Sources */ = {isa = PBXBuildFile; fileRef = 7260F91D2A8715D600E8FF87 /* PrayerList.swift */; };
		7260F9432A8715D600E8FF87 /* CalendarView.swift in Sources */ = {isa = PBXBuildFile; fileRef = 7260F91E2A8715D600E8FF87 /* CalendarView.swift */; };
		7260F9532A8715D600E8FF87 /* Al-IslamApp.swift in Sources */ = {isa = PBXBuildFile; fileRef = 7260F9332A8715D600E8FF87 /* Al-IslamApp.swift */; };
		7260F9542A8715D600E8FF87 /* LaunchScreen.swift in Sources */ = {isa = PBXBuildFile; fileRef = 7260F9342A8715D600E8FF87 /* LaunchScreen.swift */; };
		7260F9602A87163A00E8FF87 /* AdhanView.swift in Sources */ = {isa = PBXBuildFile; fileRef = 7260F91A2A8715D600E8FF87 /* AdhanView.swift */; };
		7260F9612A87163F00E8FF87 /* QiblaView.swift in Sources */ = {isa = PBXBuildFile; fileRef = 7260F91B2A8715D600E8FF87 /* QiblaView.swift */; };
		7260F9622A87164300E8FF87 /* PrayerCountdown.swift in Sources */ = {isa = PBXBuildFile; fileRef = 7260F91C2A8715D600E8FF87 /* PrayerCountdown.swift */; };
		7260F9632A87164600E8FF87 /* PrayerList.swift in Sources */ = {isa = PBXBuildFile; fileRef = 7260F91D2A8715D600E8FF87 /* PrayerList.swift */; };
		7260F96F2A87168300E8FF87 /* SettingsView.swift in Sources */ = {isa = PBXBuildFile; fileRef = 7260F9152A8715D600E8FF87 /* SettingsView.swift */; };
		7260F9702A87168600E8FF87 /* Settings.swift in Sources */ = {isa = PBXBuildFile; fileRef = 7260F9162A8715D600E8FF87 /* Settings.swift */; };
		7260F9722A87168700E8FF87 /* Settings.swift in Sources */ = {isa = PBXBuildFile; fileRef = 7260F9162A8715D600E8FF87 /* Settings.swift */; };
		7274865E2F3D8219001240F8 /* QiraahQaloon.json in Resources */ = {isa = PBXBuildFile; fileRef = 7274865D2F3D8219001240F8 /* QiraahQaloon.json */; };
		7274865F2F3D8219001240F8 /* QiraahQaloon.json in Resources */ = {isa = PBXBuildFile; fileRef = 7274865D2F3D8219001240F8 /* QiraahQaloon.json */; };
		727486612F3D8383001240F8 /* QiraahWarsh.json in Resources */ = {isa = PBXBuildFile; fileRef = 727486602F3D8383001240F8 /* QiraahWarsh.json */; };
		727486622F3D8383001240F8 /* QiraahWarsh.json in Resources */ = {isa = PBXBuildFile; fileRef = 727486602F3D8383001240F8 /* QiraahWarsh.json */; };
		727DBDFE2AD2442100CD4383 /* LaunchScreen.swift in Sources */ = {isa = PBXBuildFile; fileRef = 7260F9342A8715D600E8FF87 /* LaunchScreen.swift */; };
		72802B8F2C570B76000DF9B5 /* Adhan in Frameworks */ = {isa = PBXBuildFile; productRef = 72802B8E2C570B76000DF9B5 /* Adhan */; };
		72802B912C570B86000DF9B5 /* Adhan in Frameworks */ = {isa = PBXBuildFile; productRef = 72802B902C570B86000DF9B5 /* Adhan */; };
		72802B932C570B93000DF9B5 /* Adhan in Frameworks */ = {isa = PBXBuildFile; productRef = 72802B922C570B93000DF9B5 /* Adhan */; };
		72802B952C570B9F000DF9B5 /* Adhan in Frameworks */ = {isa = PBXBuildFile; productRef = 72802B942C570B9F000DF9B5 /* Adhan */; };
		72827EA62E3C425300EBA534 /* SettingsAdhanView.swift in Sources */ = {isa = PBXBuildFile; fileRef = 72827EA52E3C425300EBA534 /* SettingsAdhanView.swift */; };
		72827EA72E3C425300EBA534 /* SettingsAdhanView.swift in Sources */ = {isa = PBXBuildFile; fileRef = 72827EA52E3C425300EBA534 /* SettingsAdhanView.swift */; };
		72827EAC2E3C425B00EBA534 /* SettingsQuranView.swift in Sources */ = {isa = PBXBuildFile; fileRef = 72827EAB2E3C425B00EBA534 /* SettingsQuranView.swift */; };
		72827EAD2E3C425B00EBA534 /* SettingsQuranView.swift in Sources */ = {isa = PBXBuildFile; fileRef = 72827EAB2E3C425B00EBA534 /* SettingsQuranView.swift */; };
		728E2EE12E6E017E00F2C24C /* SettingsAdhan.swift in Sources */ = {isa = PBXBuildFile; fileRef = 728E2EE02E6E017E00F2C24C /* SettingsAdhan.swift */; };
		728E2EE22E6E017E00F2C24C /* SettingsAdhan.swift in Sources */ = {isa = PBXBuildFile; fileRef = 728E2EE02E6E017E00F2C24C /* SettingsAdhan.swift */; };
		728E2EE32E6E017E00F2C24C /* SettingsAdhan.swift in Sources */ = {isa = PBXBuildFile; fileRef = 728E2EE02E6E017E00F2C24C /* SettingsAdhan.swift */; };
		728E2EE42E6E017E00F2C24C /* SettingsAdhan.swift in Sources */ = {isa = PBXBuildFile; fileRef = 728E2EE02E6E017E00F2C24C /* SettingsAdhan.swift */; };
		728E2EE62E6E019700F2C24C /* SettingsQuran.swift in Sources */ = {isa = PBXBuildFile; fileRef = 728E2EE52E6E019700F2C24C /* SettingsQuran.swift */; };
		728E2EE72E6E019700F2C24C /* SettingsQuran.swift in Sources */ = {isa = PBXBuildFile; fileRef = 728E2EE52E6E019700F2C24C /* SettingsQuran.swift */; };
		728E2EE82E6E019700F2C24C /* SettingsQuran.swift in Sources */ = {isa = PBXBuildFile; fileRef = 728E2EE52E6E019700F2C24C /* SettingsQuran.swift */; };
		728E2EE92E6E019700F2C24C /* SettingsQuran.swift in Sources */ = {isa = PBXBuildFile; fileRef = 728E2EE52E6E019700F2C24C /* SettingsQuran.swift */; };
		728E2EF92E6E2B8700F2C24C /* ProfanityFilter.swift in Sources */ = {isa = PBXBuildFile; fileRef = 728E2EF72E6E2B8700F2C24C /* ProfanityFilter.swift */; };
		728E2EFB2E6E2B8700F2C24C /* ProfanityFilter.swift in Sources */ = {isa = PBXBuildFile; fileRef = 728E2EF72E6E2B8700F2C24C /* ProfanityFilter.swift */; };
		728E2F042E6E6E7E00F2C24C /* ContextMenu.swift in Sources */ = {isa = PBXBuildFile; fileRef = 728E2F032E6E6E7E00F2C24C /* ContextMenu.swift */; };
		728E2F052E6E6E7E00F2C24C /* ContextMenu.swift in Sources */ = {isa = PBXBuildFile; fileRef = 728E2F032E6E6E7E00F2C24C /* ContextMenu.swift */; };
		7291153C2AF817CF00A4EB2B /* MosquesView.swift in Sources */ = {isa = PBXBuildFile; fileRef = 729115322AF817CF00A4EB2B /* MosquesView.swift */; };
		7291153D2AF817CF00A4EB2B /* ToolsView.swift in Sources */ = {isa = PBXBuildFile; fileRef = 729115332AF817CF00A4EB2B /* ToolsView.swift */; };
		7291153E2AF817CF00A4EB2B /* 99_Names_Of_Allah.json in Resources */ = {isa = PBXBuildFile; fileRef = 729115342AF817CF00A4EB2B /* 99_Names_Of_Allah.json */; };
		7291153F2AF817CF00A4EB2B /* ImanPillarsView.swift in Sources */ = {isa = PBXBuildFile; fileRef = 729115352AF817CF00A4EB2B /* ImanPillarsView.swift */; };
		729115402AF817CF00A4EB2B /* IslamicPillarsView.swift in Sources */ = {isa = PBXBuildFile; fileRef = 729115362AF817CF00A4EB2B /* IslamicPillarsView.swift */; };
		729115412AF817CF00A4EB2B /* IslamView.swift in Sources */ = {isa = PBXBuildFile; fileRef = 729115372AF817CF00A4EB2B /* IslamView.swift */; };
		729115422AF817CF00A4EB2B /* PillarsOtherView.swift in Sources */ = {isa = PBXBuildFile; fileRef = 729115382AF817CF00A4EB2B /* PillarsOtherView.swift */; };
		729115452AF817E000A4EB2B /* 99_Names_Of_Allah.json in Resources */ = {isa = PBXBuildFile; fileRef = 729115342AF817CF00A4EB2B /* 99_Names_Of_Allah.json */; };
		729115462AF817E400A4EB2B /* IslamView.swift in Sources */ = {isa = PBXBuildFile; fileRef = 729115372AF817CF00A4EB2B /* IslamView.swift */; };
		729115472AF817E400A4EB2B /* IslamicPillarsView.swift in Sources */ = {isa = PBXBuildFile; fileRef = 729115362AF817CF00A4EB2B /* IslamicPillarsView.swift */; };
		729115482AF817E400A4EB2B /* ImanPillarsView.swift in Sources */ = {isa = PBXBuildFile; fileRef = 729115352AF817CF00A4EB2B /* ImanPillarsView.swift */; };
		729115492AF817E400A4EB2B /* MosquesView.swift in Sources */ = {isa = PBXBuildFile; fileRef = 729115322AF817CF00A4EB2B /* MosquesView.swift */; };
		7291154A2AF817E400A4EB2B /* ToolsView.swift in Sources */ = {isa = PBXBuildFile; fileRef = 729115332AF817CF00A4EB2B /* ToolsView.swift */; };
		7291154B2AF817E400A4EB2B /* PillarsOtherView.swift in Sources */ = {isa = PBXBuildFile; fileRef = 729115382AF817CF00A4EB2B /* PillarsOtherView.swift */; };
		7294023E2D66FF9800EEC56D /* ConditionalStyle.swift in Sources */ = {isa = PBXBuildFile; fileRef = 72CCAEA12D42DF5700871A6A /* ConditionalStyle.swift */; };
		7294023F2D66FF9C00EEC56D /* DismissKeyboard.swift in Sources */ = {isa = PBXBuildFile; fileRef = 72CCAEA02D42DF5700871A6A /* DismissKeyboard.swift */; };
		72AC94182E3F4DA900F7B2DF /* NowPlayingView.swift in Sources */ = {isa = PBXBuildFile; fileRef = 720CCE0B2E394375002DD82E /* NowPlayingView.swift */; };
		72B531A52A22DCFE007FA002 /* Al-IslamApp.swift in Sources */ = {isa = PBXBuildFile; fileRef = 72B531A42A22DCFE007FA002 /* Al-IslamApp.swift */; };
		72C7DD762D79A59B00FC6058 /* SimpleWidget.swift in Sources */ = {isa = PBXBuildFile; fileRef = 72C7DD752D79A59B00FC6058 /* SimpleWidget.swift */; };
		72CCAEA42D42DF5700871A6A /* ConditionalStyle.swift in Sources */ = {isa = PBXBuildFile; fileRef = 72CCAEA12D42DF5700871A6A /* ConditionalStyle.swift */; };
		72CCAEA52D42DF5700871A6A /* DismissKeyboard.swift in Sources */ = {isa = PBXBuildFile; fileRef = 72CCAEA02D42DF5700871A6A /* DismissKeyboard.swift */; };
		72CCAEA62D42DF5700871A6A /* AppDelegate.swift in Sources */ = {isa = PBXBuildFile; fileRef = 72CCAE9F2D42DF5700871A6A /* AppDelegate.swift */; };
		72CCAEA72D42DF5700871A6A /* SearchBar.swift in Sources */ = {isa = PBXBuildFile; fileRef = 72CCAEA22D42DF5700871A6A /* SearchBar.swift */; };
		72CCAEA92D42DF9D00871A6A /* MapView.swift in Sources */ = {isa = PBXBuildFile; fileRef = 72CCAEA82D42DF9D00871A6A /* MapView.swift */; };
		72D0BCC92D7AE45300B7E4F5 /* Prayers2Widget.swift in Sources */ = {isa = PBXBuildFile; fileRef = 72D0BCC82D7AE45300B7E4F5 /* Prayers2Widget.swift */; };
		72E13AF02E90DC8D000933B0 /* GlassEffect.swift in Sources */ = {isa = PBXBuildFile; fileRef = 72E13AEF2E90DC8D000933B0 /* GlassEffect.swift */; };
		72E13AF12E90DC8D000933B0 /* GlassEffect.swift in Sources */ = {isa = PBXBuildFile; fileRef = 72E13AEF2E90DC8D000933B0 /* GlassEffect.swift */; };
		72F7DB682F030A2D0037B059 /* QuranStructs.swift in Sources */ = {isa = PBXBuildFile; fileRef = 72F7DB672F030A2D0037B059 /* QuranStructs.swift */; };
		72F7DB692F030A2D0037B059 /* QuranStructs.swift in Sources */ = {isa = PBXBuildFile; fileRef = 72F7DB672F030A2D0037B059 /* QuranStructs.swift */; };
		72F7DB6A2F030A2D0037B059 /* QuranStructs.swift in Sources */ = {isa = PBXBuildFile; fileRef = 72F7DB672F030A2D0037B059 /* QuranStructs.swift */; };
		72F7DB6B2F030A2D0037B059 /* QuranStructs.swift in Sources */ = {isa = PBXBuildFile; fileRef = 72F7DB672F030A2D0037B059 /* QuranStructs.swift */; };
		72F7DB6D2F030A630037B059 /* AdhanStructs.swift in Sources */ = {isa = PBXBuildFile; fileRef = 72F7DB6C2F030A630037B059 /* AdhanStructs.swift */; };
		72F7DB6E2F030A630037B059 /* AdhanStructs.swift in Sources */ = {isa = PBXBuildFile; fileRef = 72F7DB6C2F030A630037B059 /* AdhanStructs.swift */; };
		72F7DB6F2F030A630037B059 /* AdhanStructs.swift in Sources */ = {isa = PBXBuildFile; fileRef = 72F7DB6C2F030A630037B059 /* AdhanStructs.swift */; };
		72F7DB702F030A630037B059 /* AdhanStructs.swift in Sources */ = {isa = PBXBuildFile; fileRef = 72F7DB6C2F030A630037B059 /* AdhanStructs.swift */; };
		72F7DB722F03FEE50037B059 /* AppReview.swift in Sources */ = {isa = PBXBuildFile; fileRef = 72F7DB712F03FEE50037B059 /* AppReview.swift */; };
		72F7DB752F0431740037B059 /* Assets.xcassets in Resources */ = {isa = PBXBuildFile; fileRef = 72F7DB742F0431740037B059 /* Assets.xcassets */; };
		72F7DB762F0431740037B059 /* Assets.xcassets in Resources */ = {isa = PBXBuildFile; fileRef = 72F7DB742F0431740037B059 /* Assets.xcassets */; };
		72F7DB772F0431740037B059 /* Assets.xcassets in Resources */ = {isa = PBXBuildFile; fileRef = 72F7DB742F0431740037B059 /* Assets.xcassets */; };
		72F7DB782F0431740037B059 /* Assets.xcassets in Resources */ = {isa = PBXBuildFile; fileRef = 72F7DB742F0431740037B059 /* Assets.xcassets */; };
/* End PBXBuildFile section */

/* Begin PBXContainerItemProxy section */
		72109F352A65D77600BD373E /* PBXContainerItemProxy */ = {
			isa = PBXContainerItemProxy;
			containerPortal = 725E6F452A1C687500AF8854 /* Project object */;
			proxyType = 1;
			remoteGlobalIDString = 72109F2B2A65D77400BD373E;
			remoteInfo = ComplicationExtension;
		};
		72574C342E488C0400BFF138 /* PBXContainerItemProxy */ = {
			isa = PBXContainerItemProxy;
			containerPortal = 725E6F452A1C687500AF8854 /* Project object */;
			proxyType = 1;
			remoteGlobalIDString = 72574C132E488B3000BFF138;
			remoteInfo = "Siri-Watch";
		};
		725B420B2AA0061C009C8C91 /* PBXContainerItemProxy */ = {
			isa = PBXContainerItemProxy;
			containerPortal = 725E6F452A1C687500AF8854 /* Project object */;
			proxyType = 1;
			remoteGlobalIDString = 725B41FF2AA0061B009C8C91;
			remoteInfo = WidgetExtension;
		};
		72B531AD2A22DCFF007FA002 /* PBXContainerItemProxy */ = {
			isa = PBXContainerItemProxy;
			containerPortal = 725E6F452A1C687500AF8854 /* Project object */;
			proxyType = 1;
			remoteGlobalIDString = 72B531A12A22DCFE007FA002;
			remoteInfo = "IslamicPillars Watch App";
		};
/* End PBXContainerItemProxy section */

/* Begin PBXCopyFilesBuildPhase section */
		72109F3B2A65D77600BD373E /* Embed Foundation Extensions */ = {
			isa = PBXCopyFilesBuildPhase;
			buildActionMask = 12;
			dstPath = "";
			dstSubfolderSpec = 13;
			files = (
				723DA45B2D59FC7000AC20B3 /* Complication.appex in Embed Foundation Extensions */,
			);
			name = "Embed Foundation Extensions";
			runOnlyForDeploymentPostprocessing = 0;
		};
		726E5E8A2A26512D008325AE /* Embed Foundation Extensions */ = {
			isa = PBXCopyFilesBuildPhase;
			buildActionMask = 12;
			dstPath = "";
			dstSubfolderSpec = 13;
			files = (
				723DA4592D59FC6400AC20B3 /* Widget.appex in Embed Foundation Extensions */,
			);
			name = "Embed Foundation Extensions";
			runOnlyForDeploymentPostprocessing = 0;
		};
		72B531B32A22DCFF007FA002 /* Embed Watch Content */ = {
			isa = PBXCopyFilesBuildPhase;
			buildActionMask = 2147483647;
			dstPath = "$(CONTENTS_FOLDER_PATH)/Watch";
			dstSubfolderSpec = 16;
			files = (
				723DA45A2D59FC6900AC20B3 /* Watch.app in Embed Watch Content */,
			);
			name = "Embed Watch Content";
			runOnlyForDeploymentPostprocessing = 0;
		};
/* End PBXCopyFilesBuildPhase section */

/* Begin PBXFileReference section */
		7205C1EA2D796DFD001D4979 /* LockScreen3Widget.swift */ = {isa = PBXFileReference; lastKnownFileType = sourcecode.swift; path = LockScreen3Widget.swift; sourceTree = "<group>"; };
		7205C1EC2D796E0F001D4979 /* LockScreen4Widget.swift */ = {isa = PBXFileReference; lastKnownFileType = sourcecode.swift; path = LockScreen4Widget.swift; sourceTree = "<group>"; };
		720CCE042E394375002DD82E /* QuranData.swift */ = {isa = PBXFileReference; lastKnownFileType = sourcecode.swift; path = QuranData.swift; sourceTree = "<group>"; };
		720CCE052E394375002DD82E /* QuranView.swift */ = {isa = PBXFileReference; lastKnownFileType = sourcecode.swift; path = QuranView.swift; sourceTree = "<group>"; };
		720CCE062E394375002DD82E /* SurahRows.swift */ = {isa = PBXFileReference; lastKnownFileType = sourcecode.swift; path = SurahRows.swift; sourceTree = "<group>"; };
		720CCE072E394375002DD82E /* SurahsHeader.swift */ = {isa = PBXFileReference; lastKnownFileType = sourcecode.swift; path = SurahsHeader.swift; sourceTree = "<group>"; };
		720CCE082E394375002DD82E /* AyahRow.swift */ = {isa = PBXFileReference; lastKnownFileType = sourcecode.swift; path = AyahRow.swift; sourceTree = "<group>"; };
		720CCE092E394375002DD82E /* AyahsView.swift */ = {isa = PBXFileReference; lastKnownFileType = sourcecode.swift; path = AyahsView.swift; sourceTree = "<group>"; };
		720CCE0A2E394375002DD82E /* QuranPlayer.swift */ = {isa = PBXFileReference; lastKnownFileType = sourcecode.swift; path = QuranPlayer.swift; sourceTree = "<group>"; };
		720CCE0B2E394375002DD82E /* NowPlayingView.swift */ = {isa = PBXFileReference; lastKnownFileType = sourcecode.swift; path = NowPlayingView.swift; sourceTree = "<group>"; };
		720CCE0C2E394375002DD82E /* ShareAyah.swift */ = {isa = PBXFileReference; lastKnownFileType = sourcecode.swift; path = ShareAyah.swift; sourceTree = "<group>"; };
		720CCE0D2E394375002DD82E /* Highlighted.swift */ = {isa = PBXFileReference; lastKnownFileType = sourcecode.swift; path = Highlighted.swift; sourceTree = "<group>"; };
		720CCE222E39439E002DD82E /* Globals.swift */ = {isa = PBXFileReference; lastKnownFileType = sourcecode.swift; path = Globals.swift; sourceTree = "<group>"; };
		720CCE282E394437002DD82E /* Arabic.swift */ = {isa = PBXFileReference; lastKnownFileType = sourcecode.swift; path = Arabic.swift; sourceTree = "<group>"; };
		720CCE292E394437002DD82E /* ArabicView.swift */ = {isa = PBXFileReference; lastKnownFileType = sourcecode.swift; path = ArabicView.swift; sourceTree = "<group>"; };
		720CCE2A2E394437002DD82E /* ArabicLetterView.swift */ = {isa = PBXFileReference; lastKnownFileType = sourcecode.swift; path = ArabicLetterView.swift; sourceTree = "<group>"; };
		720DEC5A2D244EEF006EA342 /* CreditsView.swift */ = {isa = PBXFileReference; lastKnownFileType = sourcecode.swift; path = CreditsView.swift; sourceTree = "<group>"; };
		72109F302A65D77400BD373E /* Complication.swift */ = {isa = PBXFileReference; lastKnownFileType = sourcecode.swift; path = Complication.swift; sourceTree = "<group>"; };
		721722ED2E6BA09E002F584F /* Quran.json */ = {isa = PBXFileReference; lastKnownFileType = text.json; path = Quran.json; sourceTree = "<group>"; };
		722BBD352F0992D4004F3659 /* AdhanSheet.swift */ = {isa = PBXFileReference; lastKnownFileType = sourcecode.swift; path = AdhanSheet.swift; sourceTree = "<group>"; };
		7230F8962D41CA7C0017DAE3 /* Entitlements-Main.entitlements */ = {isa = PBXFileReference; lastKnownFileType = text.plist.entitlements; path = "Entitlements-Main.entitlements"; sourceTree = "<group>"; };
		723873432F37342E00D3A8CD /* PlayCustomRangeSheet.swift */ = {isa = PBXFileReference; lastKnownFileType = sourcecode.swift; path = PlayCustomRangeSheet.swift; sourceTree = "<group>"; };
		723873602F374BDB00D3A8CD /* QiraahShubah.json */ = {isa = PBXFileReference; lastKnownFileType = text.json; path = QiraahShubah.json; sourceTree = "<group>"; };
		723873982F397BF300D3A8CD /* Uthmani.ttf */ = {isa = PBXFileReference; lastKnownFileType = file; path = Uthmani.ttf; sourceTree = "<group>"; };
		723B9E012F3B138C0042DCDE /* QiraahBuzzi.json */ = {isa = PBXFileReference; lastKnownFileType = text.json; path = QiraahBuzzi.json; sourceTree = "<group>"; };
		723B9E042F3B13B30042DCDE /* QiraahQunbul.json */ = {isa = PBXFileReference; lastKnownFileType = text.json; path = QiraahQunbul.json; sourceTree = "<group>"; };
		723B9E072F3B13EF0042DCDE /* QiraahDuri.json */ = {isa = PBXFileReference; lastKnownFileType = text.json; path = QiraahDuri.json; sourceTree = "<group>"; };
		723B9E0A2F3B141E0042DCDE /* QiraahSusi.json */ = {isa = PBXFileReference; lastKnownFileType = text.json; path = QiraahSusi.json; sourceTree = "<group>"; };
		723DA4552D59FC5A00AC20B3 /* iPhone.app */ = {isa = PBXFileReference; explicitFileType = wrapper.application; includeInIndex = 0; path = iPhone.app; sourceTree = BUILT_PRODUCTS_DIR; };
		723DA4562D59FC5A00AC20B3 /* Watch.app */ = {isa = PBXFileReference; explicitFileType = wrapper.application; includeInIndex = 0; path = Watch.app; sourceTree = BUILT_PRODUCTS_DIR; };
		723DA4572D59FC5A00AC20B3 /* Complication.appex */ = {isa = PBXFileReference; explicitFileType = "wrapper.app-extension"; includeInIndex = 0; path = Complication.appex; sourceTree = BUILT_PRODUCTS_DIR; };
		723DA4582D59FC5A00AC20B3 /* Widget.appex */ = {isa = PBXFileReference; explicitFileType = "wrapper.app-extension"; includeInIndex = 0; path = Widget.appex; sourceTree = BUILT_PRODUCTS_DIR; };
		724012E22F0AAFDB00851820 /* IslamBasicsView.swift */ = {isa = PBXFileReference; lastKnownFileType = sourcecode.swift; path = IslamBasicsView.swift; sourceTree = "<group>"; };
		7247DBA52CD4DD78000803F2 /* Indopak.ttf */ = {isa = PBXFileReference; lastKnownFileType = file; path = Indopak.ttf; sourceTree = "<group>"; };
		72574CB22E49E3F000BFF138 /* QuranShortcuts.swift */ = {isa = PBXFileReference; lastKnownFileType = sourcecode.swift; path = QuranShortcuts.swift; sourceTree = "<group>"; };
		72574CC52E49EDDE00BFF138 /* AdhanShortcuts.swift */ = {isa = PBXFileReference; lastKnownFileType = sourcecode.swift; path = AdhanShortcuts.swift; sourceTree = "<group>"; };
		72574CC82E49EE7F00BFF138 /* AppIntents.swift */ = {isa = PBXFileReference; lastKnownFileType = sourcecode.swift; path = AppIntents.swift; sourceTree = "<group>"; };
		725B42112AA00639009C8C91 /* PrayersWidget.swift */ = {isa = PBXFileReference; fileEncoding = 4; lastKnownFileType = sourcecode.swift; path = PrayersWidget.swift; sourceTree = "<group>"; };
		725B42132AA00639009C8C91 /* Widgets.swift */ = {isa = PBXFileReference; fileEncoding = 4; lastKnownFileType = sourcecode.swift; path = Widgets.swift; sourceTree = "<group>"; };
		725B42142AA00639009C8C91 /* LockScreen2Widget.swift */ = {isa = PBXFileReference; fileEncoding = 4; lastKnownFileType = sourcecode.swift; path = LockScreen2Widget.swift; sourceTree = "<group>"; };
		725B42152AA00639009C8C91 /* LockScreen1Widget.swift */ = {isa = PBXFileReference; fileEncoding = 4; lastKnownFileType = sourcecode.swift; path = LockScreen1Widget.swift; sourceTree = "<group>"; };
		725B42162AA00639009C8C91 /* CountdownWidget.swift */ = {isa = PBXFileReference; fileEncoding = 4; lastKnownFileType = sourcecode.swift; path = CountdownWidget.swift; sourceTree = "<group>"; };
		725B42172AA00639009C8C91 /* PrayersProvider.swift */ = {isa = PBXFileReference; fileEncoding = 4; lastKnownFileType = sourcecode.swift; path = PrayersProvider.swift; sourceTree = "<group>"; };
		725D4C6A2E29584B00817FFB /* Logo.jpg */ = {isa = PBXFileReference; lastKnownFileType = image.jpeg; path = Logo.jpg; sourceTree = "<group>"; };
		7260F9152A8715D600E8FF87 /* SettingsView.swift */ = {isa = PBXFileReference; fileEncoding = 4; lastKnownFileType = sourcecode.swift; path = SettingsView.swift; sourceTree = "<group>"; };
		7260F9162A8715D600E8FF87 /* Settings.swift */ = {isa = PBXFileReference; fileEncoding = 4; lastKnownFileType = sourcecode.swift; path = Settings.swift; sourceTree = "<group>"; };
		7260F91A2A8715D600E8FF87 /* AdhanView.swift */ = {isa = PBXFileReference; fileEncoding = 4; lastKnownFileType = sourcecode.swift; path = AdhanView.swift; sourceTree = "<group>"; };
		7260F91B2A8715D600E8FF87 /* QiblaView.swift */ = {isa = PBXFileReference; fileEncoding = 4; lastKnownFileType = sourcecode.swift; path = QiblaView.swift; sourceTree = "<group>"; };
		7260F91C2A8715D600E8FF87 /* PrayerCountdown.swift */ = {isa = PBXFileReference; fileEncoding = 4; lastKnownFileType = sourcecode.swift; path = PrayerCountdown.swift; sourceTree = "<group>"; };
		7260F91D2A8715D600E8FF87 /* PrayerList.swift */ = {isa = PBXFileReference; fileEncoding = 4; lastKnownFileType = sourcecode.swift; path = PrayerList.swift; sourceTree = "<group>"; };
		7260F91E2A8715D600E8FF87 /* CalendarView.swift */ = {isa = PBXFileReference; fileEncoding = 4; lastKnownFileType = sourcecode.swift; path = CalendarView.swift; sourceTree = "<group>"; };
		7260F9332A8715D600E8FF87 /* Al-IslamApp.swift */ = {isa = PBXFileReference; fileEncoding = 4; lastKnownFileType = sourcecode.swift; path = "Al-IslamApp.swift"; sourceTree = "<group>"; };
		7260F9342A8715D600E8FF87 /* LaunchScreen.swift */ = {isa = PBXFileReference; fileEncoding = 4; lastKnownFileType = sourcecode.swift; path = LaunchScreen.swift; sourceTree = "<group>"; };
		72616D802D52F7B000A66C86 /* Info-Main.plist */ = {isa = PBXFileReference; lastKnownFileType = text.plist.xml; path = "Info-Main.plist"; sourceTree = "<group>"; };
		72616D812D52F7BD00A66C86 /* Info-Widget.plist */ = {isa = PBXFileReference; lastKnownFileType = text.plist.xml; path = "Info-Widget.plist"; sourceTree = "<group>"; };
		7274865D2F3D8219001240F8 /* QiraahQaloon.json */ = {isa = PBXFileReference; lastKnownFileType = text.json; path = QiraahQaloon.json; sourceTree = "<group>"; };
		727486602F3D8383001240F8 /* QiraahWarsh.json */ = {isa = PBXFileReference; lastKnownFileType = text.json; path = QiraahWarsh.json; sourceTree = "<group>"; };
		72827EA52E3C425300EBA534 /* SettingsAdhanView.swift */ = {isa = PBXFileReference; lastKnownFileType = sourcecode.swift; path = SettingsAdhanView.swift; sourceTree = "<group>"; };
		72827EAB2E3C425B00EBA534 /* SettingsQuranView.swift */ = {isa = PBXFileReference; lastKnownFileType = sourcecode.swift; path = SettingsQuranView.swift; sourceTree = "<group>"; };
		7287AB0E2D42E55D00C3D776 /* README.md */ = {isa = PBXFileReference; lastKnownFileType = net.daringfireball.markdown; path = README.md; sourceTree = "<group>"; };
		728E2EE02E6E017E00F2C24C /* SettingsAdhan.swift */ = {isa = PBXFileReference; lastKnownFileType = sourcecode.swift; path = SettingsAdhan.swift; sourceTree = "<group>"; };
		728E2EE52E6E019700F2C24C /* SettingsQuran.swift */ = {isa = PBXFileReference; lastKnownFileType = sourcecode.swift; path = SettingsQuran.swift; sourceTree = "<group>"; };
		728E2EF72E6E2B8700F2C24C /* ProfanityFilter.swift */ = {isa = PBXFileReference; lastKnownFileType = sourcecode.swift; path = ProfanityFilter.swift; sourceTree = "<group>"; };
		728E2F032E6E6E7E00F2C24C /* ContextMenu.swift */ = {isa = PBXFileReference; lastKnownFileType = sourcecode.swift; path = ContextMenu.swift; sourceTree = "<group>"; };
		729115322AF817CF00A4EB2B /* MosquesView.swift */ = {isa = PBXFileReference; fileEncoding = 4; lastKnownFileType = sourcecode.swift; path = MosquesView.swift; sourceTree = "<group>"; };
		729115332AF817CF00A4EB2B /* ToolsView.swift */ = {isa = PBXFileReference; fileEncoding = 4; lastKnownFileType = sourcecode.swift; path = ToolsView.swift; sourceTree = "<group>"; };
		729115342AF817CF00A4EB2B /* 99_Names_Of_Allah.json */ = {isa = PBXFileReference; fileEncoding = 4; lastKnownFileType = text.json; path = 99_Names_Of_Allah.json; sourceTree = "<group>"; };
		729115352AF817CF00A4EB2B /* ImanPillarsView.swift */ = {isa = PBXFileReference; fileEncoding = 4; lastKnownFileType = sourcecode.swift; path = ImanPillarsView.swift; sourceTree = "<group>"; };
		729115362AF817CF00A4EB2B /* IslamicPillarsView.swift */ = {isa = PBXFileReference; fileEncoding = 4; lastKnownFileType = sourcecode.swift; path = IslamicPillarsView.swift; sourceTree = "<group>"; };
		729115372AF817CF00A4EB2B /* IslamView.swift */ = {isa = PBXFileReference; fileEncoding = 4; lastKnownFileType = sourcecode.swift; path = IslamView.swift; sourceTree = "<group>"; };
		729115382AF817CF00A4EB2B /* PillarsOtherView.swift */ = {isa = PBXFileReference; fileEncoding = 4; lastKnownFileType = sourcecode.swift; path = PillarsOtherView.swift; sourceTree = "<group>"; };
		72B531A42A22DCFE007FA002 /* Al-IslamApp.swift */ = {isa = PBXFileReference; lastKnownFileType = sourcecode.swift; path = "Al-IslamApp.swift"; sourceTree = "<group>"; };
		72C7DD752D79A59B00FC6058 /* SimpleWidget.swift */ = {isa = PBXFileReference; lastKnownFileType = sourcecode.swift; path = SimpleWidget.swift; sourceTree = "<group>"; };
		72CCAE962D42DDF100871A6A /* WatchConnectivity.swift */ = {isa = PBXFileReference; lastKnownFileType = sourcecode.swift; path = WatchConnectivity.swift; sourceTree = "<group>"; };
		72CCAE9F2D42DF5700871A6A /* AppDelegate.swift */ = {isa = PBXFileReference; lastKnownFileType = sourcecode.swift; path = AppDelegate.swift; sourceTree = "<group>"; };
		72CCAEA02D42DF5700871A6A /* DismissKeyboard.swift */ = {isa = PBXFileReference; lastKnownFileType = sourcecode.swift; path = DismissKeyboard.swift; sourceTree = "<group>"; };
		72CCAEA12D42DF5700871A6A /* ConditionalStyle.swift */ = {isa = PBXFileReference; lastKnownFileType = sourcecode.swift; path = ConditionalStyle.swift; sourceTree = "<group>"; };
		72CCAEA22D42DF5700871A6A /* SearchBar.swift */ = {isa = PBXFileReference; lastKnownFileType = sourcecode.swift; path = SearchBar.swift; sourceTree = "<group>"; };
		72CCAEA82D42DF9D00871A6A /* MapView.swift */ = {isa = PBXFileReference; lastKnownFileType = sourcecode.swift; path = MapView.swift; sourceTree = "<group>"; };
		72CCAEB62D42E4ED00871A6A /* adhan-swift-main */ = {isa = PBXFileReference; lastKnownFileType = wrapper; path = "adhan-swift-main"; sourceTree = "<group>"; };
		72D0BCC82D7AE45300B7E4F5 /* Prayers2Widget.swift */ = {isa = PBXFileReference; lastKnownFileType = sourcecode.swift; path = Prayers2Widget.swift; sourceTree = "<group>"; };
		72DC16A92D7B0819000760BC /* Entitlements-Widget.entitlements */ = {isa = PBXFileReference; lastKnownFileType = text.plist.entitlements; path = "Entitlements-Widget.entitlements"; sourceTree = "<group>"; };
		72E13AEF2E90DC8D000933B0 /* GlassEffect.swift */ = {isa = PBXFileReference; lastKnownFileType = sourcecode.swift; path = GlassEffect.swift; sourceTree = "<group>"; };
		72F7DB672F030A2D0037B059 /* QuranStructs.swift */ = {isa = PBXFileReference; lastKnownFileType = sourcecode.swift; path = QuranStructs.swift; sourceTree = "<group>"; };
		72F7DB6C2F030A630037B059 /* AdhanStructs.swift */ = {isa = PBXFileReference; lastKnownFileType = sourcecode.swift; path = AdhanStructs.swift; sourceTree = "<group>"; };
		72F7DB712F03FEE50037B059 /* AppReview.swift */ = {isa = PBXFileReference; lastKnownFileType = sourcecode.swift; path = AppReview.swift; sourceTree = "<group>"; };
		72F7DB742F0431740037B059 /* Assets.xcassets */ = {isa = PBXFileReference; lastKnownFileType = folder.assetcatalog; path = Assets.xcassets; sourceTree = "<group>"; };
/* End PBXFileReference section */

/* Begin PBXFrameworksBuildPhase section */
		72109F292A65D77400BD373E /* Frameworks */ = {
			isa = PBXFrameworksBuildPhase;
			buildActionMask = 2147483647;
			files = (
				72802B952C570B9F000DF9B5 /* Adhan in Frameworks */,
			);
			runOnlyForDeploymentPostprocessing = 0;
		};
		725B41FD2AA0061B009C8C91 /* Frameworks */ = {
			isa = PBXFrameworksBuildPhase;
			buildActionMask = 2147483647;
			files = (
				72802B912C570B86000DF9B5 /* Adhan in Frameworks */,
			);
			runOnlyForDeploymentPostprocessing = 0;
		};
		725E6F4A2A1C687500AF8854 /* Frameworks */ = {
			isa = PBXFrameworksBuildPhase;
			buildActionMask = 2147483647;
			files = (
				72802B8F2C570B76000DF9B5 /* Adhan in Frameworks */,
			);
			runOnlyForDeploymentPostprocessing = 0;
		};
		72B5319F2A22DCFE007FA002 /* Frameworks */ = {
			isa = PBXFrameworksBuildPhase;
			buildActionMask = 2147483647;
			files = (
				72802B932C570B93000DF9B5 /* Adhan in Frameworks */,
			);
			runOnlyForDeploymentPostprocessing = 0;
		};
/* End PBXFrameworksBuildPhase section */

/* Begin PBXGroup section */
		72109F2F2A65D77400BD373E /* Complication */ = {
			isa = PBXGroup;
			children = (
				72109F302A65D77400BD373E /* Complication.swift */,
			);
			path = Complication;
			sourceTree = "<group>";
		};
		7230F8932D41CA060017DAE3 /* Packages */ = {
			isa = PBXGroup;
			children = (
				72CCAEB62D42E4ED00871A6A /* adhan-swift-main */,
			);
			path = Packages;
			sourceTree = "<group>";
		};
		7230F8A32D42119D0017DAE3 /* Resources */ = {
			isa = PBXGroup;
			children = (
				7230F8962D41CA7C0017DAE3 /* Entitlements-Main.entitlements */,
				72DC16A92D7B0819000760BC /* Entitlements-Widget.entitlements */,
				72616D802D52F7B000A66C86 /* Info-Main.plist */,
				72616D812D52F7BD00A66C86 /* Info-Widget.plist */,
				72F7DB742F0431740037B059 /* Assets.xcassets */,
				725D4C6A2E29584B00817FFB /* Logo.jpg */,
				7260F9382A8715D600E8FF87 /* Fonts */,
				7260F9222A8715D600E8FF87 /* JSONs */,
				7230F8932D41CA060017DAE3 /* Packages */,
			);
			path = Resources;
			sourceTree = "<group>";
		};
		7238735B2F37462700D3A8CD /* Qiraat */ = {
			isa = PBXGroup;
			children = (
				723873602F374BDB00D3A8CD /* QiraahShubah.json */,
				723B9E012F3B138C0042DCDE /* QiraahBuzzi.json */,
				723B9E042F3B13B30042DCDE /* QiraahQunbul.json */,
				727486602F3D8383001240F8 /* QiraahWarsh.json */,
				7274865D2F3D8219001240F8 /* QiraahQaloon.json */,
				723B9E072F3B13EF0042DCDE /* QiraahDuri.json */,
				723B9E0A2F3B141E0042DCDE /* QiraahSusi.json */,
			);
			path = Qiraat;
			sourceTree = "<group>";
		};
		724012E82F0AB11B00851820 /* Pillars */ = {
			isa = PBXGroup;
			children = (
				724012E22F0AAFDB00851820 /* IslamBasicsView.swift */,
				729115362AF817CF00A4EB2B /* IslamicPillarsView.swift */,
				729115352AF817CF00A4EB2B /* ImanPillarsView.swift */,
				729115322AF817CF00A4EB2B /* MosquesView.swift */,
				729115382AF817CF00A4EB2B /* PillarsOtherView.swift */,
			);
			path = Pillars;
			sourceTree = "<group>";
		};
		725B42032AA0061C009C8C91 /* Widget */ = {
			isa = PBXGroup;
			children = (
				725B42132AA00639009C8C91 /* Widgets.swift */,
				725B42172AA00639009C8C91 /* PrayersProvider.swift */,
				72C7DD752D79A59B00FC6058 /* SimpleWidget.swift */,
				725B42162AA00639009C8C91 /* CountdownWidget.swift */,
				725B42112AA00639009C8C91 /* PrayersWidget.swift */,
				72D0BCC82D7AE45300B7E4F5 /* Prayers2Widget.swift */,
				725B42152AA00639009C8C91 /* LockScreen1Widget.swift */,
				725B42142AA00639009C8C91 /* LockScreen2Widget.swift */,
				7205C1EA2D796DFD001D4979 /* LockScreen3Widget.swift */,
				7205C1EC2D796E0F001D4979 /* LockScreen4Widget.swift */,
			);
			path = Widget;
			sourceTree = "<group>";
		};
		725E6F442A1C687500AF8854 = {
			isa = PBXGroup;
			children = (
				7287AB0E2D42E55D00C3D776 /* README.md */,
				7230F8A32D42119D0017DAE3 /* Resources */,
				7260F9132A8715D600E8FF87 /* iPhone */,
				725B42032AA0061C009C8C91 /* Widget */,
				72B531A32A22DCFE007FA002 /* Apple Watch */,
				72109F2F2A65D77400BD373E /* Complication */,
				72C7DD7E2D79ABAC00FC6058 /* Frameworks */,
			);
			sourceTree = "<group>";
		};
		7260F9132A8715D600E8FF87 /* iPhone */ = {
			isa = PBXGroup;
			children = (
				7260F9332A8715D600E8FF87 /* Al-IslamApp.swift */,
				72CCAE9F2D42DF5700871A6A /* AppDelegate.swift */,
				72F7DB712F03FEE50037B059 /* AppReview.swift */,
				722BBD352F0992D4004F3659 /* AdhanSheet.swift */,
				7260F9342A8715D600E8FF87 /* LaunchScreen.swift */,
				72CCAEA32D42DF5700871A6A /* Helpers */,
				7260F9192A8715D600E8FF87 /* Adhan */,
				7260F9212A8715D600E8FF87 /* Quran */,
				729115312AF817CF00A4EB2B /* Islam */,
				7260F9142A8715D600E8FF87 /* Settings */,
			);
			path = iPhone;
			sourceTree = "<group>";
		};
		7260F9142A8715D600E8FF87 /* Settings */ = {
			isa = PBXGroup;
			children = (
				7260F9152A8715D600E8FF87 /* SettingsView.swift */,
				72827EA52E3C425300EBA534 /* SettingsAdhanView.swift */,
				72827EAB2E3C425B00EBA534 /* SettingsQuranView.swift */,
				720DEC5A2D244EEF006EA342 /* CreditsView.swift */,
				7260F9162A8715D600E8FF87 /* Settings.swift */,
				728E2EE02E6E017E00F2C24C /* SettingsAdhan.swift */,
				728E2EE52E6E019700F2C24C /* SettingsQuran.swift */,
				720CCE222E39439E002DD82E /* Globals.swift */,
				72574CC82E49EE7F00BFF138 /* AppIntents.swift */,
				72CCAE962D42DDF100871A6A /* WatchConnectivity.swift */,
			);
			path = Settings;
			sourceTree = "<group>";
		};
		7260F9192A8715D600E8FF87 /* Adhan */ = {
			isa = PBXGroup;
			children = (
				72F7DB6C2F030A630037B059 /* AdhanStructs.swift */,
				7260F91A2A8715D600E8FF87 /* AdhanView.swift */,
				7260F91B2A8715D600E8FF87 /* QiblaView.swift */,
				7260F91C2A8715D600E8FF87 /* PrayerCountdown.swift */,
				7260F91D2A8715D600E8FF87 /* PrayerList.swift */,
				7260F91E2A8715D600E8FF87 /* CalendarView.swift */,
				72CCAEA82D42DF9D00871A6A /* MapView.swift */,
				72574CC52E49EDDE00BFF138 /* AdhanShortcuts.swift */,
			);
			path = Adhan;
			sourceTree = "<group>";
		};
		7260F9212A8715D600E8FF87 /* Quran */ = {
			isa = PBXGroup;
			children = (
				72F7DB672F030A2D0037B059 /* QuranStructs.swift */,
				720CCE042E394375002DD82E /* QuranData.swift */,
				720CCE052E394375002DD82E /* QuranView.swift */,
				720CCE062E394375002DD82E /* SurahRows.swift */,
				728E2F032E6E6E7E00F2C24C /* ContextMenu.swift */,
				720CCE072E394375002DD82E /* SurahsHeader.swift */,
				720CCE092E394375002DD82E /* AyahsView.swift */,
				720CCE082E394375002DD82E /* AyahRow.swift */,
				723873432F37342E00D3A8CD /* PlayCustomRangeSheet.swift */,
				720CCE0A2E394375002DD82E /* QuranPlayer.swift */,
				720CCE0B2E394375002DD82E /* NowPlayingView.swift */,
				720CCE0C2E394375002DD82E /* ShareAyah.swift */,
				720CCE0D2E394375002DD82E /* Highlighted.swift */,
				728E2EF72E6E2B8700F2C24C /* ProfanityFilter.swift */,
				72574CB22E49E3F000BFF138 /* QuranShortcuts.swift */,
			);
			path = Quran;
			sourceTree = "<group>";
		};
		7260F9222A8715D600E8FF87 /* JSONs */ = {
			isa = PBXGroup;
			children = (
				729115342AF817CF00A4EB2B /* 99_Names_Of_Allah.json */,
				721722ED2E6BA09E002F584F /* Quran.json */,
				7238735B2F37462700D3A8CD /* Qiraat */,
			);
			path = JSONs;
			sourceTree = "<group>";
		};
		7260F9382A8715D600E8FF87 /* Fonts */ = {
			isa = PBXGroup;
			children = (
				723873982F397BF300D3A8CD /* Uthmani.ttf */,
				7247DBA52CD4DD78000803F2 /* Indopak.ttf */,
			);
			path = Fonts;
			sourceTree = "<group>";
		};
		729115312AF817CF00A4EB2B /* Islam */ = {
			isa = PBXGroup;
			children = (
				729115372AF817CF00A4EB2B /* IslamView.swift */,
				729115332AF817CF00A4EB2B /* ToolsView.swift */,
				729115392AF817CF00A4EB2B /* Arabic */,
				724012E82F0AB11B00851820 /* Pillars */,
			);
			path = Islam;
			sourceTree = "<group>";
		};
		729115392AF817CF00A4EB2B /* Arabic */ = {
			isa = PBXGroup;
			children = (
				720CCE282E394437002DD82E /* Arabic.swift */,
				720CCE292E394437002DD82E /* ArabicView.swift */,
				720CCE2A2E394437002DD82E /* ArabicLetterView.swift */,
			);
			path = Arabic;
			sourceTree = "<group>";
		};
		72B531A32A22DCFE007FA002 /* Apple Watch */ = {
			isa = PBXGroup;
			children = (
				72B531A42A22DCFE007FA002 /* Al-IslamApp.swift */,
			);
			path = "Apple Watch";
			sourceTree = "<group>";
		};
		72C7DD7E2D79ABAC00FC6058 /* Frameworks */ = {
			isa = PBXGroup;
			children = (
				723DA4552D59FC5A00AC20B3 /* iPhone.app */,
				723DA4582D59FC5A00AC20B3 /* Widget.appex */,
				723DA4562D59FC5A00AC20B3 /* Watch.app */,
				723DA4572D59FC5A00AC20B3 /* Complication.appex */,
			);
			name = Frameworks;
			sourceTree = "<group>";
		};
		72CCAEA32D42DF5700871A6A /* Helpers */ = {
			isa = PBXGroup;
			children = (
				72CCAEA02D42DF5700871A6A /* DismissKeyboard.swift */,
				72CCAEA12D42DF5700871A6A /* ConditionalStyle.swift */,
				72CCAEA22D42DF5700871A6A /* SearchBar.swift */,
				72E13AEF2E90DC8D000933B0 /* GlassEffect.swift */,
			);
			path = Helpers;
			sourceTree = "<group>";
		};
/* End PBXGroup section */

/* Begin PBXNativeTarget section */
		72109F2B2A65D77400BD373E /* Complication */ = {
			isa = PBXNativeTarget;
			buildConfigurationList = 72109F382A65D77600BD373E /* Build configuration list for PBXNativeTarget "Complication" */;
			buildPhases = (
				72109F282A65D77400BD373E /* Sources */,
				72109F292A65D77400BD373E /* Frameworks */,
				72109F2A2A65D77400BD373E /* Resources */,
			);
			buildRules = (
			);
			dependencies = (
			);
			name = Complication;
			packageProductDependencies = (
				72802B942C570B9F000DF9B5 /* Adhan */,
			);
			productName = ComplicationExtension;
			productReference = 723DA4572D59FC5A00AC20B3 /* Complication.appex */;
			productType = "com.apple.product-type.app-extension";
		};
		725B41FF2AA0061B009C8C91 /* Widget */ = {
			isa = PBXNativeTarget;
			buildConfigurationList = 725B420E2AA0061D009C8C91 /* Build configuration list for PBXNativeTarget "Widget" */;
			buildPhases = (
				725B41FC2AA0061B009C8C91 /* Sources */,
				725B41FD2AA0061B009C8C91 /* Frameworks */,
				725B41FE2AA0061B009C8C91 /* Resources */,
			);
			buildRules = (
			);
			dependencies = (
			);
			name = Widget;
			packageProductDependencies = (
				72802B902C570B86000DF9B5 /* Adhan */,
			);
			productName = WidgetExtension;
			productReference = 723DA4582D59FC5A00AC20B3 /* Widget.appex */;
			productType = "com.apple.product-type.app-extension";
		};
		725E6F4C2A1C687500AF8854 /* iPhone */ = {
			isa = PBXNativeTarget;
			buildConfigurationList = 725E6F612A1C687600AF8854 /* Build configuration list for PBXNativeTarget "iPhone" */;
			buildPhases = (
				725E6F492A1C687500AF8854 /* Sources */,
				725E6F4A2A1C687500AF8854 /* Frameworks */,
				725E6F4B2A1C687500AF8854 /* Resources */,
				72B531B32A22DCFF007FA002 /* Embed Watch Content */,
				726E5E8A2A26512D008325AE /* Embed Foundation Extensions */,
			);
			buildRules = (
			);
			dependencies = (
				72B531AE2A22DCFF007FA002 /* PBXTargetDependency */,
				725B420C2AA0061C009C8C91 /* PBXTargetDependency */,
			);
			name = iPhone;
			packageProductDependencies = (
				72802B8E2C570B76000DF9B5 /* Adhan */,
			);
			productName = "Islamic Pillars";
			productReference = 723DA4552D59FC5A00AC20B3 /* iPhone.app */;
			productType = "com.apple.product-type.application";
		};
		72B531A12A22DCFE007FA002 /* Watch */ = {
			isa = PBXNativeTarget;
			buildConfigurationList = 72B531B02A22DCFF007FA002 /* Build configuration list for PBXNativeTarget "Watch" */;
			buildPhases = (
				72B5319E2A22DCFE007FA002 /* Sources */,
				72B5319F2A22DCFE007FA002 /* Frameworks */,
				72B531A02A22DCFE007FA002 /* Resources */,
				72109F3B2A65D77600BD373E /* Embed Foundation Extensions */,
			);
			buildRules = (
			);
			dependencies = (
				72109F362A65D77600BD373E /* PBXTargetDependency */,
				72574C352E488C0400BFF138 /* PBXTargetDependency */,
			);
			name = Watch;
			packageProductDependencies = (
				72802B922C570B93000DF9B5 /* Adhan */,
			);
			productName = "IslamicPillars Watch App";
			productReference = 723DA4562D59FC5A00AC20B3 /* Watch.app */;
			productType = "com.apple.product-type.application";
		};
/* End PBXNativeTarget section */

/* Begin PBXProject section */
		725E6F452A1C687500AF8854 /* Project object */ = {
			isa = PBXProject;
			attributes = {
				BuildIndependentTargetsInParallel = 1;
				LastSwiftUpdateCheck = 1640;
				LastUpgradeCheck = 2600;
				TargetAttributes = {
					72109F2B2A65D77400BD373E = {
						CreatedOnToolsVersion = 15.0;
					};
					725B41FF2AA0061B009C8C91 = {
						CreatedOnToolsVersion = 15.0;
					};
					725E6F4C2A1C687500AF8854 = {
						CreatedOnToolsVersion = 14.3;
					};
					72B531A12A22DCFE007FA002 = {
						CreatedOnToolsVersion = 14.3;
					};
				};
			};
			buildConfigurationList = 725E6F482A1C687500AF8854 /* Build configuration list for PBXProject "Al-Islam" */;
			developmentRegion = en;
			hasScannedForEncodings = 0;
			knownRegions = (
				en,
				Base,
			);
			mainGroup = 725E6F442A1C687500AF8854;
			packageReferences = (
				72CCAEB22D42E4C100871A6A /* XCLocalSwiftPackageReference "Resources/Packages/adhan-swift-main" */,
			);
			preferredProjectObjectVersion = 77;
			productRefGroup = 725E6F442A1C687500AF8854;
			projectDirPath = "";
			projectRoot = "";
			targets = (
				725E6F4C2A1C687500AF8854 /* iPhone */,
				725B41FF2AA0061B009C8C91 /* Widget */,
				72B531A12A22DCFE007FA002 /* Watch */,
				72109F2B2A65D77400BD373E /* Complication */,
			);
		};
/* End PBXProject section */

/* Begin PBXResourcesBuildPhase section */
		72109F2A2A65D77400BD373E /* Resources */ = {
			isa = PBXResourcesBuildPhase;
			buildActionMask = 2147483647;
			files = (
				72F7DB782F0431740037B059 /* Assets.xcassets in Resources */,
			);
			runOnlyForDeploymentPostprocessing = 0;
		};
		725B41FE2AA0061B009C8C91 /* Resources */ = {
			isa = PBXResourcesBuildPhase;
			buildActionMask = 2147483647;
			files = (
				72F7DB762F0431740037B059 /* Assets.xcassets in Resources */,
			);
			runOnlyForDeploymentPostprocessing = 0;
		};
		725E6F4B2A1C687500AF8854 /* Resources */ = {
			isa = PBXResourcesBuildPhase;
			buildActionMask = 2147483647;
			files = (
				7291153E2AF817CF00A4EB2B /* 99_Names_Of_Allah.json in Resources */,
				723B9E082F3B13EF0042DCDE /* QiraahDuri.json in Resources */,
				7238736D2F374BDB00D3A8CD /* QiraahShubah.json in Resources */,
				723873992F397BF300D3A8CD /* Uthmani.ttf in Resources */,
				723B9E0B2F3B141E0042DCDE /* QiraahSusi.json in Resources */,
				7274865F2F3D8219001240F8 /* QiraahQaloon.json in Resources */,
				721722EF2E6BA09E002F584F /* Quran.json in Resources */,
				72F7DB752F0431740037B059 /* Assets.xcassets in Resources */,
				723B9E022F3B138C0042DCDE /* QiraahBuzzi.json in Resources */,
				723B9E062F3B13B40042DCDE /* QiraahQunbul.json in Resources */,
				7247DBA62CD4DD78000803F2 /* Indopak.ttf in Resources */,
				727486622F3D8383001240F8 /* QiraahWarsh.json in Resources */,
			);
			runOnlyForDeploymentPostprocessing = 0;
		};
		72B531A02A22DCFE007FA002 /* Resources */ = {
			isa = PBXResourcesBuildPhase;
			buildActionMask = 2147483647;
			files = (
				729115452AF817E000A4EB2B /* 99_Names_Of_Allah.json in Resources */,
				723B9E092F3B13EF0042DCDE /* QiraahDuri.json in Resources */,
				7247DBA72CD4DD78000803F2 /* Indopak.ttf in Resources */,
				7238739A2F397BF300D3A8CD /* Uthmani.ttf in Resources */,
				723873662F374BDB00D3A8CD /* QiraahShubah.json in Resources */,
				7274865E2F3D8219001240F8 /* QiraahQaloon.json in Resources */,
				723B9E0C2F3B141E0042DCDE /* QiraahSusi.json in Resources */,
				721722EE2E6BA09E002F584F /* Quran.json in Resources */,
				723B9E032F3B138C0042DCDE /* QiraahBuzzi.json in Resources */,
				723B9E052F3B13B40042DCDE /* QiraahQunbul.json in Resources */,
				72F7DB772F0431740037B059 /* Assets.xcassets in Resources */,
				727486612F3D8383001240F8 /* QiraahWarsh.json in Resources */,
			);
			runOnlyForDeploymentPostprocessing = 0;
		};
/* End PBXResourcesBuildPhase section */

/* Begin PBXSourcesBuildPhase section */
		72109F282A65D77400BD373E /* Sources */ = {
			isa = PBXSourcesBuildPhase;
			buildActionMask = 2147483647;
			files = (
				720CCE352E394547002DD82E /* Arabic.swift in Sources */,
				72F7DB702F030A630037B059 /* AdhanStructs.swift in Sources */,
				720CCE322E3944F9002DD82E /* QuranData.swift in Sources */,
				7260F9722A87168700E8FF87 /* Settings.swift in Sources */,
				72F7DB6B2F030A2D0037B059 /* QuranStructs.swift in Sources */,
				725B42312AA006A6009C8C91 /* PrayersProvider.swift in Sources */,
				728E2EE42E6E017E00F2C24C /* SettingsAdhan.swift in Sources */,
				720CCE232E39439E002DD82E /* Globals.swift in Sources */,
				728E2EE92E6E019700F2C24C /* SettingsQuran.swift in Sources */,
				72109F312A65D77400BD373E /* Complication.swift in Sources */,
			);
			runOnlyForDeploymentPostprocessing = 0;
		};
		725B41FC2AA0061B009C8C91 /* Sources */ = {
			isa = PBXSourcesBuildPhase;
			buildActionMask = 2147483647;
			files = (
				725B422A2AA00660009C8C91 /* CountdownWidget.swift in Sources */,
				725B42292AA00660009C8C91 /* PrayersWidget.swift in Sources */,
				728E2EE32E6E017E00F2C24C /* SettingsAdhan.swift in Sources */,
				7205C1ED2D796E0F001D4979 /* LockScreen4Widget.swift in Sources */,
				72D0BCC92D7AE45300B7E4F5 /* Prayers2Widget.swift in Sources */,
				720CCE342E394547002DD82E /* Arabic.swift in Sources */,
				728E2EE82E6E019700F2C24C /* SettingsQuran.swift in Sources */,
				725B422C2AA00660009C8C91 /* PrayersProvider.swift in Sources */,
				720CCE262E39439E002DD82E /* Globals.swift in Sources */,
				720CCE312E3944F9002DD82E /* QuranData.swift in Sources */,
				7205C1EB2D796DFD001D4979 /* LockScreen3Widget.swift in Sources */,
				72F7DB6F2F030A630037B059 /* AdhanStructs.swift in Sources */,
				725B42282AA00660009C8C91 /* Widgets.swift in Sources */,
				725B42262AA00660009C8C91 /* LockScreen2Widget.swift in Sources */,
				72C7DD762D79A59B00FC6058 /* SimpleWidget.swift in Sources */,
				725B422E2AA0066D009C8C91 /* Settings.swift in Sources */,
				725B422B2AA00660009C8C91 /* LockScreen1Widget.swift in Sources */,
				72F7DB6A2F030A2D0037B059 /* QuranStructs.swift in Sources */,
			);
			runOnlyForDeploymentPostprocessing = 0;
		};
		725E6F492A1C687500AF8854 /* Sources */ = {
			isa = PBXSourcesBuildPhase;
			buildActionMask = 2147483647;
			files = (
				729115402AF817CF00A4EB2B /* IslamicPillarsView.swift in Sources */,
				72574CB52E49E3F000BFF138 /* QuranShortcuts.swift in Sources */,
				72574CC72E49EDDE00BFF138 /* AdhanShortcuts.swift in Sources */,
				7260F9422A8715D600E8FF87 /* PrayerList.swift in Sources */,
				729115412AF817CF00A4EB2B /* IslamView.swift in Sources */,
				7291153F2AF817CF00A4EB2B /* ImanPillarsView.swift in Sources */,
				7260F93D2A8715D600E8FF87 /* Settings.swift in Sources */,
				720CCE242E39439E002DD82E /* Globals.swift in Sources */,
				7260F9432A8715D600E8FF87 /* CalendarView.swift in Sources */,
				7260F9402A8715D600E8FF87 /* QiblaView.swift in Sources */,
				7260F93F2A8715D600E8FF87 /* AdhanView.swift in Sources */,
				72CCAEA92D42DF9D00871A6A /* MapView.swift in Sources */,
				72F7DB6D2F030A630037B059 /* AdhanStructs.swift in Sources */,
				722BBD362F0992D4004F3659 /* AdhanSheet.swift in Sources */,
				7291153D2AF817CF00A4EB2B /* ToolsView.swift in Sources */,
				723873442F37342E00D3A8CD /* PlayCustomRangeSheet.swift in Sources */,
				7260F9542A8715D600E8FF87 /* LaunchScreen.swift in Sources */,
				724012E32F0AAFDB00851820 /* IslamBasicsView.swift in Sources */,
				7260F93C2A8715D600E8FF87 /* SettingsView.swift in Sources */,
				720CCE2E2E394437002DD82E /* ArabicLetterView.swift in Sources */,
				720CCE2F2E394437002DD82E /* Arabic.swift in Sources */,
				720CCE302E394437002DD82E /* ArabicView.swift in Sources */,
				7291153C2AF817CF00A4EB2B /* MosquesView.swift in Sources */,
				7260F9532A8715D600E8FF87 /* Al-IslamApp.swift in Sources */,
				72CCAEA42D42DF5700871A6A /* ConditionalStyle.swift in Sources */,
				728E2EFB2E6E2B8700F2C24C /* ProfanityFilter.swift in Sources */,
				72CCAEA52D42DF5700871A6A /* DismissKeyboard.swift in Sources */,
				72CCAEA62D42DF5700871A6A /* AppDelegate.swift in Sources */,
				72CCAEA72D42DF5700871A6A /* SearchBar.swift in Sources */,
				7260F9412A8715D600E8FF87 /* PrayerCountdown.swift in Sources */,
				720DEC5B2D244EEF006EA342 /* CreditsView.swift in Sources */,
				72827EA72E3C425300EBA534 /* SettingsAdhanView.swift in Sources */,
				72F7DB722F03FEE50037B059 /* AppReview.swift in Sources */,
				720CCE0E2E394375002DD82E /* QuranView.swift in Sources */,
				720CCE0F2E394375002DD82E /* AyahRow.swift in Sources */,
				728E2EE12E6E017E00F2C24C /* SettingsAdhan.swift in Sources */,
				72574CCA2E49EE7F00BFF138 /* AppIntents.swift in Sources */,
				720CCE102E394375002DD82E /* AyahsView.swift in Sources */,
				720CCE112E394375002DD82E /* QuranPlayer.swift in Sources */,
				720CCE122E394375002DD82E /* SurahsHeader.swift in Sources */,
				728E2EE72E6E019700F2C24C /* SettingsQuran.swift in Sources */,
				720CCE132E394375002DD82E /* SurahRows.swift in Sources */,
				72827EAC2E3C425B00EBA534 /* SettingsQuranView.swift in Sources */,
				72F7DB682F030A2D0037B059 /* QuranStructs.swift in Sources */,
				728E2F042E6E6E7E00F2C24C /* ContextMenu.swift in Sources */,
				720CCE142E394375002DD82E /* QuranData.swift in Sources */,
				720CCE152E394375002DD82E /* NowPlayingView.swift in Sources */,
				720CCE162E394375002DD82E /* ShareAyah.swift in Sources */,
				72E13AF12E90DC8D000933B0 /* GlassEffect.swift in Sources */,
				720CCE172E394375002DD82E /* Highlighted.swift in Sources */,
				729115422AF817CF00A4EB2B /* PillarsOtherView.swift in Sources */,
			);
			runOnlyForDeploymentPostprocessing = 0;
		};
		72B5319E2A22DCFE007FA002 /* Sources */ = {
			isa = PBXSourcesBuildPhase;
			buildActionMask = 2147483647;
			files = (
				720CCE272E39439E002DD82E /* Globals.swift in Sources */,
				7260F9622A87164300E8FF87 /* PrayerCountdown.swift in Sources */,
				72B531A52A22DCFE007FA002 /* Al-IslamApp.swift in Sources */,
				729115462AF817E400A4EB2B /* IslamView.swift in Sources */,
				729115482AF817E400A4EB2B /* ImanPillarsView.swift in Sources */,
				7260F9702A87168600E8FF87 /* Settings.swift in Sources */,
				720CCE2B2E394437002DD82E /* ArabicLetterView.swift in Sources */,
				720CCE2C2E394437002DD82E /* Arabic.swift in Sources */,
				728E2F052E6E6E7E00F2C24C /* ContextMenu.swift in Sources */,
				72E13AF02E90DC8D000933B0 /* GlassEffect.swift in Sources */,
				720CCE2D2E394437002DD82E /* ArabicView.swift in Sources */,
				7260F9632A87164600E8FF87 /* PrayerList.swift in Sources */,
				728E2EE62E6E019700F2C24C /* SettingsQuran.swift in Sources */,
				7294023E2D66FF9800EEC56D /* ConditionalStyle.swift in Sources */,
				7291154A2AF817E400A4EB2B /* ToolsView.swift in Sources */,
				72827EAD2E3C425B00EBA534 /* SettingsQuranView.swift in Sources */,
				7294023F2D66FF9C00EEC56D /* DismissKeyboard.swift in Sources */,
				727DBDFE2AD2442100CD4383 /* LaunchScreen.swift in Sources */,
				724012E42F0AAFDB00851820 /* IslamBasicsView.swift in Sources */,
				7260F96F2A87168300E8FF87 /* SettingsView.swift in Sources */,
				7260F9612A87163F00E8FF87 /* QiblaView.swift in Sources */,
				72AC94182E3F4DA900F7B2DF /* NowPlayingView.swift in Sources */,
				72F7DB6E2F030A630037B059 /* AdhanStructs.swift in Sources */,
				729115492AF817E400A4EB2B /* MosquesView.swift in Sources */,
				729115472AF817E400A4EB2B /* IslamicPillarsView.swift in Sources */,
				72574CC92E49EE7F00BFF138 /* AppIntents.swift in Sources */,
				7260F9602A87163A00E8FF87 /* AdhanView.swift in Sources */,
				720CCE182E394375002DD82E /* QuranView.swift in Sources */,
				720CCE192E394375002DD82E /* AyahRow.swift in Sources */,
				720CCE1A2E394375002DD82E /* AyahsView.swift in Sources */,
				720CCE1B2E394375002DD82E /* QuranPlayer.swift in Sources */,
				72827EA62E3C425300EBA534 /* SettingsAdhanView.swift in Sources */,
				720CCE1C2E394375002DD82E /* SurahsHeader.swift in Sources */,
				72574CC62E49EDDE00BFF138 /* AdhanShortcuts.swift in Sources */,
				728E2EF92E6E2B8700F2C24C /* ProfanityFilter.swift in Sources */,
				720CCE1D2E394375002DD82E /* SurahRows.swift in Sources */,
				720CCE1E2E394375002DD82E /* QuranData.swift in Sources */,
				72574CB62E49E3F000BFF138 /* QuranShortcuts.swift in Sources */,
				72F7DB692F030A2D0037B059 /* QuranStructs.swift in Sources */,
				728E2EE22E6E017E00F2C24C /* SettingsAdhan.swift in Sources */,
				720CCE212E394375002DD82E /* Highlighted.swift in Sources */,
				7291154B2AF817E400A4EB2B /* PillarsOtherView.swift in Sources */,
			);
			runOnlyForDeploymentPostprocessing = 0;
		};
/* End PBXSourcesBuildPhase section */

/* Begin PBXTargetDependency section */
		72109F362A65D77600BD373E /* PBXTargetDependency */ = {
			isa = PBXTargetDependency;
			target = 72109F2B2A65D77400BD373E /* Complication */;
			targetProxy = 72109F352A65D77600BD373E /* PBXContainerItemProxy */;
		};
		72574C352E488C0400BFF138 /* PBXTargetDependency */ = {
			isa = PBXTargetDependency;
			targetProxy = 72574C342E488C0400BFF138 /* PBXContainerItemProxy */;
		};
		725B420C2AA0061C009C8C91 /* PBXTargetDependency */ = {
			isa = PBXTargetDependency;
			target = 725B41FF2AA0061B009C8C91 /* Widget */;
			targetProxy = 725B420B2AA0061C009C8C91 /* PBXContainerItemProxy */;
		};
		72B531AE2A22DCFF007FA002 /* PBXTargetDependency */ = {
			isa = PBXTargetDependency;
			target = 72B531A12A22DCFE007FA002 /* Watch */;
			targetProxy = 72B531AD2A22DCFF007FA002 /* PBXContainerItemProxy */;
		};
/* End PBXTargetDependency section */

/* Begin XCBuildConfiguration section */
		72109F392A65D77600BD373E /* Debug */ = {
			isa = XCBuildConfiguration;
			buildSettings = {
				ASSETCATALOG_COMPILER_GENERATE_SWIFT_ASSET_SYMBOL_EXTENSIONS = YES;
				ASSETCATALOG_COMPILER_GLOBAL_ACCENT_COLOR_NAME = AccentColor;
				ASSETCATALOG_COMPILER_WIDGET_BACKGROUND_COLOR_NAME = "";
				CODE_SIGN_ENTITLEMENTS = "Resources/Entitlements-Widget.entitlements";
				CODE_SIGN_STYLE = Automatic;
				CURRENT_PROJECT_VERSION = 1;
				GCC_C_LANGUAGE_STANDARD = gnu17;
				GENERATE_INFOPLIST_FILE = YES;
				INFOPLIST_FILE = "Resources/Info-Widget.plist";
				INFOPLIST_KEY_CFBundleDisplayName = "Al-Islam";
				INFOPLIST_KEY_NSHumanReadableCopyright = "";
				INFOPLIST_KEY_UILaunchScreen_Generation = YES;
				INFOPLIST_KEY_UILaunchStoryboardName = "";
				LD_RUNPATH_SEARCH_PATHS = (
					"$(inherited)",
					"@executable_path/Frameworks",
					"@executable_path/../../Frameworks",
					"@executable_path/../../../../Frameworks",
				);
				LOCALIZATION_PREFERS_STRING_CATALOGS = YES;
				MARKETING_VERSION = 4.2.2;
				PRODUCT_BUNDLE_IDENTIFIER = "com.Quran.Elmallah.Islamic-Pillars.watchkitapp.complication1";
				PRODUCT_NAME = "$(TARGET_NAME)";
				SDKROOT = watchos;
				SKIP_INSTALL = YES;
				SWIFT_ACTIVE_COMPILATION_CONDITIONS = "DEBUG $(inherited)";
				SWIFT_EMIT_LOC_STRINGS = YES;
				SWIFT_VERSION = 5.0;
				TARGETED_DEVICE_FAMILY = 4;
				WATCHOS_DEPLOYMENT_TARGET = 9.0;
			};
			name = Debug;
		};
		72109F3A2A65D77600BD373E /* Release */ = {
			isa = XCBuildConfiguration;
			buildSettings = {
				ASSETCATALOG_COMPILER_GENERATE_SWIFT_ASSET_SYMBOL_EXTENSIONS = YES;
				ASSETCATALOG_COMPILER_GLOBAL_ACCENT_COLOR_NAME = AccentColor;
				ASSETCATALOG_COMPILER_WIDGET_BACKGROUND_COLOR_NAME = "";
				CODE_SIGN_ENTITLEMENTS = "Resources/Entitlements-Widget.entitlements";
				CODE_SIGN_STYLE = Automatic;
				CURRENT_PROJECT_VERSION = 1;
				GCC_C_LANGUAGE_STANDARD = gnu17;
				GENERATE_INFOPLIST_FILE = YES;
				INFOPLIST_FILE = "Resources/Info-Widget.plist";
				INFOPLIST_KEY_CFBundleDisplayName = "Al-Islam";
				INFOPLIST_KEY_NSHumanReadableCopyright = "";
				INFOPLIST_KEY_UILaunchScreen_Generation = YES;
				INFOPLIST_KEY_UILaunchStoryboardName = "";
				LD_RUNPATH_SEARCH_PATHS = (
					"$(inherited)",
					"@executable_path/Frameworks",
					"@executable_path/../../Frameworks",
					"@executable_path/../../../../Frameworks",
				);
				LOCALIZATION_PREFERS_STRING_CATALOGS = YES;
				MARKETING_VERSION = 4.2.2;
				PRODUCT_BUNDLE_IDENTIFIER = "com.Quran.Elmallah.Islamic-Pillars.watchkitapp.complication1";
				PRODUCT_NAME = "$(TARGET_NAME)";
				SDKROOT = watchos;
				SKIP_INSTALL = YES;
				SWIFT_EMIT_LOC_STRINGS = YES;
				SWIFT_VERSION = 5.0;
				TARGETED_DEVICE_FAMILY = 4;
				WATCHOS_DEPLOYMENT_TARGET = 9.0;
			};
			name = Release;
		};
		725B420F2AA0061D009C8C91 /* Debug */ = {
			isa = XCBuildConfiguration;
			buildSettings = {
				ASSETCATALOG_COMPILER_GENERATE_SWIFT_ASSET_SYMBOL_EXTENSIONS = YES;
				ASSETCATALOG_COMPILER_GLOBAL_ACCENT_COLOR_NAME = AccentColor;
				ASSETCATALOG_COMPILER_WIDGET_BACKGROUND_COLOR_NAME = "";
				CODE_SIGN_ENTITLEMENTS = "Resources/Entitlements-Widget.entitlements";
				CODE_SIGN_STYLE = Automatic;
				CURRENT_PROJECT_VERSION = 1;
				GCC_C_LANGUAGE_STANDARD = gnu17;
				GENERATE_INFOPLIST_FILE = YES;
				INFOPLIST_FILE = "Resources/Info-Widget.plist";
				INFOPLIST_KEY_CFBundleDisplayName = "Al-Islam";
				INFOPLIST_KEY_NSHumanReadableCopyright = "";
				INFOPLIST_KEY_UILaunchScreen_Generation = YES;
				INFOPLIST_KEY_UILaunchStoryboardName = "";
				IPHONEOS_DEPLOYMENT_TARGET = 15.0;
				LD_RUNPATH_SEARCH_PATHS = (
					"$(inherited)",
					"@executable_path/Frameworks",
					"@executable_path/../../Frameworks",
				);
				LOCALIZATION_PREFERS_STRING_CATALOGS = YES;
				MARKETING_VERSION = 4.2.2;
				PRODUCT_BUNDLE_IDENTIFIER = "com.Quran.Elmallah.Islamic-Pillars.Widget";
				PRODUCT_NAME = "$(TARGET_NAME)";
				SKIP_INSTALL = YES;
				SWIFT_ACTIVE_COMPILATION_CONDITIONS = "DEBUG $(inherited)";
				SWIFT_EMIT_LOC_STRINGS = YES;
				SWIFT_VERSION = 5.0;
				TARGETED_DEVICE_FAMILY = "1,2";
			};
			name = Debug;
		};
		725B42102AA0061D009C8C91 /* Release */ = {
			isa = XCBuildConfiguration;
			buildSettings = {
				ASSETCATALOG_COMPILER_GENERATE_SWIFT_ASSET_SYMBOL_EXTENSIONS = YES;
				ASSETCATALOG_COMPILER_GLOBAL_ACCENT_COLOR_NAME = AccentColor;
				ASSETCATALOG_COMPILER_WIDGET_BACKGROUND_COLOR_NAME = "";
				CODE_SIGN_ENTITLEMENTS = "Resources/Entitlements-Widget.entitlements";
				CODE_SIGN_STYLE = Automatic;
				CURRENT_PROJECT_VERSION = 1;
				GCC_C_LANGUAGE_STANDARD = gnu17;
				GENERATE_INFOPLIST_FILE = YES;
				INFOPLIST_FILE = "Resources/Info-Widget.plist";
				INFOPLIST_KEY_CFBundleDisplayName = "Al-Islam";
				INFOPLIST_KEY_NSHumanReadableCopyright = "";
				INFOPLIST_KEY_UILaunchScreen_Generation = YES;
				INFOPLIST_KEY_UILaunchStoryboardName = "";
				IPHONEOS_DEPLOYMENT_TARGET = 15.0;
				LD_RUNPATH_SEARCH_PATHS = (
					"$(inherited)",
					"@executable_path/Frameworks",
					"@executable_path/../../Frameworks",
				);
				LOCALIZATION_PREFERS_STRING_CATALOGS = YES;
				MARKETING_VERSION = 4.2.2;
				PRODUCT_BUNDLE_IDENTIFIER = "com.Quran.Elmallah.Islamic-Pillars.Widget";
				PRODUCT_NAME = "$(TARGET_NAME)";
				SKIP_INSTALL = YES;
				SWIFT_EMIT_LOC_STRINGS = YES;
				SWIFT_VERSION = 5.0;
				TARGETED_DEVICE_FAMILY = "1,2";
			};
			name = Release;
		};
		725E6F5F2A1C687600AF8854 /* Debug */ = {
			isa = XCBuildConfiguration;
			buildSettings = {
				ALWAYS_SEARCH_USER_PATHS = NO;
				ASSETCATALOG_COMPILER_GENERATE_SWIFT_ASSET_SYMBOL_EXTENSIONS = YES;
				CLANG_ANALYZER_NONNULL = YES;
				CLANG_ANALYZER_NUMBER_OBJECT_CONVERSION = YES_AGGRESSIVE;
				CLANG_CXX_LANGUAGE_STANDARD = "gnu++20";
				CLANG_ENABLE_MODULES = YES;
				CLANG_ENABLE_OBJC_ARC = YES;
				CLANG_ENABLE_OBJC_WEAK = YES;
				CLANG_WARN_BLOCK_CAPTURE_AUTORELEASING = YES;
				CLANG_WARN_BOOL_CONVERSION = YES;
				CLANG_WARN_COMMA = YES;
				CLANG_WARN_CONSTANT_CONVERSION = YES;
				CLANG_WARN_DEPRECATED_OBJC_IMPLEMENTATIONS = YES;
				CLANG_WARN_DIRECT_OBJC_ISA_USAGE = YES_ERROR;
				CLANG_WARN_DOCUMENTATION_COMMENTS = YES;
				CLANG_WARN_EMPTY_BODY = YES;
				CLANG_WARN_ENUM_CONVERSION = YES;
				CLANG_WARN_INFINITE_RECURSION = YES;
				CLANG_WARN_INT_CONVERSION = YES;
				CLANG_WARN_NON_LITERAL_NULL_CONVERSION = YES;
				CLANG_WARN_OBJC_IMPLICIT_RETAIN_SELF = YES;
				CLANG_WARN_OBJC_LITERAL_CONVERSION = YES;
				CLANG_WARN_OBJC_ROOT_CLASS = YES_ERROR;
				CLANG_WARN_QUOTED_INCLUDE_IN_FRAMEWORK_HEADER = YES;
				CLANG_WARN_RANGE_LOOP_ANALYSIS = YES;
				CLANG_WARN_STRICT_PROTOTYPES = YES;
				CLANG_WARN_SUSPICIOUS_MOVE = YES;
				CLANG_WARN_UNGUARDED_AVAILABILITY = YES_AGGRESSIVE;
				CLANG_WARN_UNREACHABLE_CODE = YES;
				CLANG_WARN__DUPLICATE_METHOD_MATCH = YES;
				CODE_SIGN_ENTITLEMENTS = "";
				COPY_PHASE_STRIP = NO;
				DEBUG_INFORMATION_FORMAT = dwarf;
				DEVELOPMENT_TEAM = 8HQMC4MQ59;
				ENABLE_STRICT_OBJC_MSGSEND = YES;
				ENABLE_TESTABILITY = YES;
				ENABLE_USER_SCRIPT_SANDBOXING = YES;
				GCC_C_LANGUAGE_STANDARD = gnu11;
				GCC_DYNAMIC_NO_PIC = NO;
				GCC_NO_COMMON_BLOCKS = YES;
				GCC_OPTIMIZATION_LEVEL = 0;
				GCC_PREPROCESSOR_DEFINITIONS = (
					"DEBUG=1",
					"$(inherited)",
				);
				GCC_WARN_64_TO_32_BIT_CONVERSION = YES;
				GCC_WARN_ABOUT_RETURN_TYPE = YES_ERROR;
				GCC_WARN_UNDECLARED_SELECTOR = YES;
				GCC_WARN_UNINITIALIZED_AUTOS = YES_AGGRESSIVE;
				GCC_WARN_UNUSED_FUNCTION = YES;
				GCC_WARN_UNUSED_VARIABLE = YES;
				GENERATE_INFOPLIST_FILE = YES;
				INFOPLIST_FILE = "";
				INFOPLIST_KEY_UILaunchScreen_Generation = YES;
				INFOPLIST_KEY_UILaunchStoryboardName = "";
				INFOPLIST_PREPROCESS = NO;
				IPHONEOS_DEPLOYMENT_TARGET = 15.0;
				MTL_ENABLE_DEBUG_INFO = INCLUDE_SOURCE;
				MTL_FAST_MATH = YES;
				ONLY_ACTIVE_ARCH = YES;
				SDKROOT = iphoneos;
				STRING_CATALOG_GENERATE_SYMBOLS = YES;
				SWIFT_ACTIVE_COMPILATION_CONDITIONS = DEBUG;
				SWIFT_OPTIMIZATION_LEVEL = "-Onone";
				WATCHOS_DEPLOYMENT_TARGET = 9.0;
			};
			name = Debug;
		};
		725E6F602A1C687600AF8854 /* Release */ = {
			isa = XCBuildConfiguration;
			buildSettings = {
				ALWAYS_SEARCH_USER_PATHS = NO;
				ASSETCATALOG_COMPILER_GENERATE_SWIFT_ASSET_SYMBOL_EXTENSIONS = YES;
				CLANG_ANALYZER_NONNULL = YES;
				CLANG_ANALYZER_NUMBER_OBJECT_CONVERSION = YES_AGGRESSIVE;
				CLANG_CXX_LANGUAGE_STANDARD = "gnu++20";
				CLANG_ENABLE_MODULES = YES;
				CLANG_ENABLE_OBJC_ARC = YES;
				CLANG_ENABLE_OBJC_WEAK = YES;
				CLANG_WARN_BLOCK_CAPTURE_AUTORELEASING = YES;
				CLANG_WARN_BOOL_CONVERSION = YES;
				CLANG_WARN_COMMA = YES;
				CLANG_WARN_CONSTANT_CONVERSION = YES;
				CLANG_WARN_DEPRECATED_OBJC_IMPLEMENTATIONS = YES;
				CLANG_WARN_DIRECT_OBJC_ISA_USAGE = YES_ERROR;
				CLANG_WARN_DOCUMENTATION_COMMENTS = YES;
				CLANG_WARN_EMPTY_BODY = YES;
				CLANG_WARN_ENUM_CONVERSION = YES;
				CLANG_WARN_INFINITE_RECURSION = YES;
				CLANG_WARN_INT_CONVERSION = YES;
				CLANG_WARN_NON_LITERAL_NULL_CONVERSION = YES;
				CLANG_WARN_OBJC_IMPLICIT_RETAIN_SELF = YES;
				CLANG_WARN_OBJC_LITERAL_CONVERSION = YES;
				CLANG_WARN_OBJC_ROOT_CLASS = YES_ERROR;
				CLANG_WARN_QUOTED_INCLUDE_IN_FRAMEWORK_HEADER = YES;
				CLANG_WARN_RANGE_LOOP_ANALYSIS = YES;
				CLANG_WARN_STRICT_PROTOTYPES = YES;
				CLANG_WARN_SUSPICIOUS_MOVE = YES;
				CLANG_WARN_UNGUARDED_AVAILABILITY = YES_AGGRESSIVE;
				CLANG_WARN_UNREACHABLE_CODE = YES;
				CLANG_WARN__DUPLICATE_METHOD_MATCH = YES;
				CODE_SIGN_ENTITLEMENTS = "";
				COPY_PHASE_STRIP = NO;
				DEBUG_INFORMATION_FORMAT = "dwarf-with-dsym";
				DEVELOPMENT_TEAM = 8HQMC4MQ59;
				ENABLE_NS_ASSERTIONS = NO;
				ENABLE_STRICT_OBJC_MSGSEND = YES;
				ENABLE_USER_SCRIPT_SANDBOXING = YES;
				GCC_C_LANGUAGE_STANDARD = gnu11;
				GCC_NO_COMMON_BLOCKS = YES;
				GCC_WARN_64_TO_32_BIT_CONVERSION = YES;
				GCC_WARN_ABOUT_RETURN_TYPE = YES_ERROR;
				GCC_WARN_UNDECLARED_SELECTOR = YES;
				GCC_WARN_UNINITIALIZED_AUTOS = YES_AGGRESSIVE;
				GCC_WARN_UNUSED_FUNCTION = YES;
				GCC_WARN_UNUSED_VARIABLE = YES;
				GENERATE_INFOPLIST_FILE = YES;
				INFOPLIST_FILE = "";
				INFOPLIST_KEY_UILaunchScreen_Generation = YES;
				INFOPLIST_KEY_UILaunchStoryboardName = "";
				INFOPLIST_PREPROCESS = NO;
				IPHONEOS_DEPLOYMENT_TARGET = 15.0;
				MTL_ENABLE_DEBUG_INFO = NO;
				MTL_FAST_MATH = YES;
				SDKROOT = iphoneos;
				STRING_CATALOG_GENERATE_SYMBOLS = YES;
				SWIFT_COMPILATION_MODE = wholemodule;
				SWIFT_OPTIMIZATION_LEVEL = "-O";
				VALIDATE_PRODUCT = YES;
				WATCHOS_DEPLOYMENT_TARGET = 9.0;
			};
			name = Release;
		};
		725E6F622A1C687600AF8854 /* Debug */ = {
			isa = XCBuildConfiguration;
			buildSettings = {
				ASSETCATALOG_COMPILER_APPICON_NAME = "AppIcon Phone";
				ASSETCATALOG_COMPILER_GLOBAL_ACCENT_COLOR_NAME = AccentColor;
				ASSETCATALOG_COMPILER_INCLUDE_ALL_APPICON_ASSETS = NO;
				ASSETCATALOG_COMPILER_WIDGET_BACKGROUND_COLOR_NAME = "";
				CODE_SIGN_ENTITLEMENTS = "Resources/Entitlements-Main.entitlements";
				CODE_SIGN_IDENTITY = "Apple Development";
				CODE_SIGN_STYLE = Automatic;
				CURRENT_PROJECT_VERSION = 1;
				DEVELOPMENT_TEAM = 8HQMC4MQ59;
				ENABLE_PREVIEWS = YES;
				GENERATE_INFOPLIST_FILE = YES;
				INFOPLIST_FILE = "Resources/Info-Main.plist";
				INFOPLIST_KEY_CFBundleDisplayName = "Al-Islam";
				INFOPLIST_KEY_LSApplicationCategoryType = "public.app-category.utilities";
				INFOPLIST_KEY_NSLocationAlwaysAndWhenInUseUsageDescription = "Needed to accurately determine prayer times based on where you are (your location stays on your device).";
				INFOPLIST_KEY_NSLocationAlwaysUsageDescription = "Needed to accurately determine prayer times based on where you are (your location stays on your device).";
				INFOPLIST_KEY_NSLocationWhenInUseUsageDescription = "Needed to accurately determine prayer times based on where you are (your location stays on your device).";
				INFOPLIST_KEY_NSPhotoLibraryAddUsageDescription = "Used to save wallpapers you choose to your Photo Library.";
				INFOPLIST_KEY_UIApplicationSceneManifest_Generation = YES;
				INFOPLIST_KEY_UIApplicationSupportsIndirectInputEvents = YES;
				INFOPLIST_KEY_UILaunchScreen_Generation = YES;
				INFOPLIST_KEY_UILaunchStoryboardName = "";
				INFOPLIST_KEY_UIRequiresFullScreen = NO;
				INFOPLIST_KEY_UISupportedInterfaceOrientations = "UIInterfaceOrientationLandscapeLeft UIInterfaceOrientationLandscapeRight UIInterfaceOrientationPortrait";
				INFOPLIST_KEY_UISupportedInterfaceOrientations_iPad = "UIInterfaceOrientationLandscapeLeft UIInterfaceOrientationLandscapeRight UIInterfaceOrientationPortrait UIInterfaceOrientationPortraitUpsideDown";
				INFOPLIST_PREPROCESS = YES;
				IPHONEOS_DEPLOYMENT_TARGET = 15.0;
				LD_RUNPATH_SEARCH_PATHS = (
					"$(inherited)",
					"@executable_path/Frameworks",
				);
				MARKETING_VERSION = 4.2.2;
				PRODUCT_BUNDLE_IDENTIFIER = "com.Quran.Elmallah.Islamic-Pillars";
				PRODUCT_NAME = "$(TARGET_NAME)";
				PROVISIONING_PROFILE_SPECIFIER = "";
				SUPPORTED_PLATFORMS = "iphoneos iphonesimulator";
				SUPPORTS_MACCATALYST = NO;
				SUPPORTS_MAC_DESIGNED_FOR_IPHONE_IPAD = YES;
				SWIFT_EMIT_LOC_STRINGS = YES;
				SWIFT_VERSION = 5.0;
				TARGETED_DEVICE_FAMILY = "1,2";
			};
			name = Debug;
		};
		725E6F632A1C687600AF8854 /* Release */ = {
			isa = XCBuildConfiguration;
			buildSettings = {
				ASSETCATALOG_COMPILER_APPICON_NAME = "AppIcon Phone";
				ASSETCATALOG_COMPILER_GLOBAL_ACCENT_COLOR_NAME = AccentColor;
				ASSETCATALOG_COMPILER_INCLUDE_ALL_APPICON_ASSETS = NO;
				ASSETCATALOG_COMPILER_WIDGET_BACKGROUND_COLOR_NAME = "";
				CODE_SIGN_ENTITLEMENTS = "Resources/Entitlements-Main.entitlements";
				CODE_SIGN_IDENTITY = "Apple Development";
				CODE_SIGN_STYLE = Automatic;
				CURRENT_PROJECT_VERSION = 1;
				DEVELOPMENT_TEAM = 8HQMC4MQ59;
				ENABLE_PREVIEWS = YES;
				GENERATE_INFOPLIST_FILE = YES;
				INFOPLIST_FILE = "Resources/Info-Main.plist";
				INFOPLIST_KEY_CFBundleDisplayName = "Al-Islam";
				INFOPLIST_KEY_LSApplicationCategoryType = "public.app-category.utilities";
				INFOPLIST_KEY_NSLocationAlwaysAndWhenInUseUsageDescription = "Needed to accurately determine prayer times based on where you are (your location stays on your device).";
				INFOPLIST_KEY_NSLocationAlwaysUsageDescription = "Needed to accurately determine prayer times based on where you are (your location stays on your device).";
				INFOPLIST_KEY_NSLocationWhenInUseUsageDescription = "Needed to accurately determine prayer times based on where you are (your location stays on your device).";
				INFOPLIST_KEY_NSPhotoLibraryAddUsageDescription = "Used to save wallpapers you choose to your Photo Library.";
				INFOPLIST_KEY_UIApplicationSceneManifest_Generation = YES;
				INFOPLIST_KEY_UIApplicationSupportsIndirectInputEvents = YES;
				INFOPLIST_KEY_UILaunchScreen_Generation = YES;
				INFOPLIST_KEY_UILaunchStoryboardName = "";
				INFOPLIST_KEY_UIRequiresFullScreen = NO;
				INFOPLIST_KEY_UISupportedInterfaceOrientations = "UIInterfaceOrientationLandscapeLeft UIInterfaceOrientationLandscapeRight UIInterfaceOrientationPortrait";
				INFOPLIST_KEY_UISupportedInterfaceOrientations_iPad = "UIInterfaceOrientationLandscapeLeft UIInterfaceOrientationLandscapeRight UIInterfaceOrientationPortrait UIInterfaceOrientationPortraitUpsideDown";
				INFOPLIST_PREPROCESS = YES;
				IPHONEOS_DEPLOYMENT_TARGET = 15.0;
				LD_RUNPATH_SEARCH_PATHS = (
					"$(inherited)",
					"@executable_path/Frameworks",
				);
				MARKETING_VERSION = 4.2.2;
				PRODUCT_BUNDLE_IDENTIFIER = "com.Quran.Elmallah.Islamic-Pillars";
				PRODUCT_NAME = "$(TARGET_NAME)";
				PROVISIONING_PROFILE_SPECIFIER = "";
				SUPPORTED_PLATFORMS = "iphoneos iphonesimulator";
				SUPPORTS_MACCATALYST = NO;
				SUPPORTS_MAC_DESIGNED_FOR_IPHONE_IPAD = YES;
				SWIFT_EMIT_LOC_STRINGS = YES;
				SWIFT_VERSION = 5.0;
				TARGETED_DEVICE_FAMILY = "1,2";
			};
			name = Release;
		};
		72B531B12A22DCFF007FA002 /* Debug */ = {
			isa = XCBuildConfiguration;
			buildSettings = {
				ASSETCATALOG_COMPILER_APPICON_NAME = "AppIcon Watch";
				ASSETCATALOG_COMPILER_GLOBAL_ACCENT_COLOR_NAME = AccentColor;
				ASSETCATALOG_COMPILER_INCLUDE_ALL_APPICON_ASSETS = NO;
				ASSETCATALOG_COMPILER_WIDGET_BACKGROUND_COLOR_NAME = "";
				CODE_SIGN_ENTITLEMENTS = "Resources/Entitlements-Main.entitlements";
				CODE_SIGN_STYLE = Automatic;
				CURRENT_PROJECT_VERSION = 1;
				ENABLE_PREVIEWS = YES;
				GENERATE_INFOPLIST_FILE = YES;
				INFOPLIST_FILE = "Resources/Info-Main.plist";
				INFOPLIST_KEY_CFBundleDisplayName = "Al-Islam";
				INFOPLIST_KEY_NSLocationAlwaysAndWhenInUseUsageDescription = "Needed to accurately determine prayer times based on where you are (your location stays on your device).";
				INFOPLIST_KEY_NSLocationAlwaysUsageDescription = "Needed to accurately determine prayer times based on where you are (your location stays on your device).";
				INFOPLIST_KEY_NSLocationWhenInUseUsageDescription = "Needed to accurately determine prayer times based on where you are (your location stays on your device).";
				INFOPLIST_KEY_UILaunchScreen_Generation = YES;
				INFOPLIST_KEY_UILaunchStoryboardName = "";
				INFOPLIST_KEY_UISupportedInterfaceOrientations = "UIInterfaceOrientationPortrait UIInterfaceOrientationPortraitUpsideDown";
				INFOPLIST_KEY_WKCompanionAppBundleIdentifier = "com.Quran.Elmallah.Islamic-Pillars";
				INFOPLIST_KEY_WKRunsIndependentlyOfCompanionApp = YES;
				LD_RUNPATH_SEARCH_PATHS = (
					"$(inherited)",
					"@executable_path/Frameworks",
				);
				MARKETING_VERSION = 4.2.2;
				PRODUCT_BUNDLE_IDENTIFIER = "com.Quran.Elmallah.Islamic-Pillars.watchkitapp";
				PRODUCT_NAME = "$(TARGET_NAME)";
				SDKROOT = watchos;
				SKIP_INSTALL = YES;
				SWIFT_EMIT_LOC_STRINGS = YES;
				SWIFT_VERSION = 5.0;
				TARGETED_DEVICE_FAMILY = 4;
				WATCHOS_DEPLOYMENT_TARGET = 9.0;
			};
			name = Debug;
		};
		72B531B22A22DCFF007FA002 /* Release */ = {
			isa = XCBuildConfiguration;
			buildSettings = {
				ASSETCATALOG_COMPILER_APPICON_NAME = "AppIcon Watch";
				ASSETCATALOG_COMPILER_GLOBAL_ACCENT_COLOR_NAME = AccentColor;
				ASSETCATALOG_COMPILER_INCLUDE_ALL_APPICON_ASSETS = NO;
				ASSETCATALOG_COMPILER_WIDGET_BACKGROUND_COLOR_NAME = "";
				CODE_SIGN_ENTITLEMENTS = "Resources/Entitlements-Main.entitlements";
				CODE_SIGN_STYLE = Automatic;
				CURRENT_PROJECT_VERSION = 1;
				ENABLE_PREVIEWS = YES;
				GENERATE_INFOPLIST_FILE = YES;
				INFOPLIST_FILE = "Resources/Info-Main.plist";
				INFOPLIST_KEY_CFBundleDisplayName = "Al-Islam";
				INFOPLIST_KEY_NSLocationAlwaysAndWhenInUseUsageDescription = "Needed to accurately determine prayer times based on where you are (your location stays on your device).";
				INFOPLIST_KEY_NSLocationAlwaysUsageDescription = "Needed to accurately determine prayer times based on where you are (your location stays on your device).";
				INFOPLIST_KEY_NSLocationWhenInUseUsageDescription = "Needed to accurately determine prayer times based on where you are (your location stays on your device).";
				INFOPLIST_KEY_UILaunchScreen_Generation = YES;
				INFOPLIST_KEY_UILaunchStoryboardName = "";
				INFOPLIST_KEY_UISupportedInterfaceOrientations = "UIInterfaceOrientationPortrait UIInterfaceOrientationPortraitUpsideDown";
				INFOPLIST_KEY_WKCompanionAppBundleIdentifier = "com.Quran.Elmallah.Islamic-Pillars";
				INFOPLIST_KEY_WKRunsIndependentlyOfCompanionApp = YES;
				LD_RUNPATH_SEARCH_PATHS = (
					"$(inherited)",
					"@executable_path/Frameworks",
				);
				MARKETING_VERSION = 4.2.2;
				PRODUCT_BUNDLE_IDENTIFIER = "com.Quran.Elmallah.Islamic-Pillars.watchkitapp";
				PRODUCT_NAME = "$(TARGET_NAME)";
				SDKROOT = watchos;
				SKIP_INSTALL = YES;
				SWIFT_EMIT_LOC_STRINGS = YES;
				SWIFT_VERSION = 5.0;
				TARGETED_DEVICE_FAMILY = 4;
				WATCHOS_DEPLOYMENT_TARGET = 9.0;
			};
			name = Release;
		};
/* End XCBuildConfiguration section */

/* Begin XCConfigurationList section */
		72109F382A65D77600BD373E /* Build configuration list for PBXNativeTarget "Complication" */ = {
			isa = XCConfigurationList;
			buildConfigurations = (
				72109F392A65D77600BD373E /* Debug */,
				72109F3A2A65D77600BD373E /* Release */,
			);
			defaultConfigurationIsVisible = 0;
			defaultConfigurationName = Release;
		};
		725B420E2AA0061D009C8C91 /* Build configuration list for PBXNativeTarget "Widget" */ = {
			isa = XCConfigurationList;
			buildConfigurations = (
				725B420F2AA0061D009C8C91 /* Debug */,
				725B42102AA0061D009C8C91 /* Release */,
			);
			defaultConfigurationIsVisible = 0;
			defaultConfigurationName = Release;
		};
		725E6F482A1C687500AF8854 /* Build configuration list for PBXProject "Al-Islam" */ = {
			isa = XCConfigurationList;
			buildConfigurations = (
				725E6F5F2A1C687600AF8854 /* Debug */,
				725E6F602A1C687600AF8854 /* Release */,
			);
			defaultConfigurationIsVisible = 0;
			defaultConfigurationName = Release;
		};
		725E6F612A1C687600AF8854 /* Build configuration list for PBXNativeTarget "iPhone" */ = {
			isa = XCConfigurationList;
			buildConfigurations = (
				725E6F622A1C687600AF8854 /* Debug */,
				725E6F632A1C687600AF8854 /* Release */,
			);
			defaultConfigurationIsVisible = 0;
			defaultConfigurationName = Release;
		};
		72B531B02A22DCFF007FA002 /* Build configuration list for PBXNativeTarget "Watch" */ = {
			isa = XCConfigurationList;
			buildConfigurations = (
				72B531B12A22DCFF007FA002 /* Debug */,
				72B531B22A22DCFF007FA002 /* Release */,
			);
			defaultConfigurationIsVisible = 0;
			defaultConfigurationName = Release;
		};
/* End XCConfigurationList section */

/* Begin XCLocalSwiftPackageReference section */
		72CCAEB22D42E4C100871A6A /* XCLocalSwiftPackageReference "Resources/Packages/adhan-swift-main" */ = {
			isa = XCLocalSwiftPackageReference;
			relativePath = "Resources/Packages/adhan-swift-main";
		};
/* End XCLocalSwiftPackageReference section */

/* Begin XCSwiftPackageProductDependency section */
		72802B8E2C570B76000DF9B5 /* Adhan */ = {
			isa = XCSwiftPackageProductDependency;
			productName = Adhan;
		};
		72802B902C570B86000DF9B5 /* Adhan */ = {
			isa = XCSwiftPackageProductDependency;
			productName = Adhan;
		};
		72802B922C570B93000DF9B5 /* Adhan */ = {
			isa = XCSwiftPackageProductDependency;
			productName = Adhan;
		};
		72802B942C570B9F000DF9B5 /* Adhan */ = {
			isa = XCSwiftPackageProductDependency;
			productName = Adhan;
		};
/* End XCSwiftPackageProductDependency section */
	};
	rootObject = 725E6F452A1C687500AF8854 /* Project object */;
}
